
Microsoft Visual Studio Solution File, Format Version 11.00
# Visual Studio 2010
Project("{8BC9CEB8-8B4A-11D0-8D11-00A0C91BC942}") = "App_BulletExampleBrowser", "App_BulletExampleBrowser.vcxproj", "{E74D87DE-887B-B149-A295-B74DBDB28BDF}"
	ProjectSection(ProjectDependencies) = postProject
		{98FDB3B1-725E-D842-A705-4DBDB045A41F} = {98FDB3B1-725E-D842-A705-4DBDB045A41F}
		{AE09E4BA-E091-AA47-BF98-0DD8C6BC55D6} = {AE09E4BA-E091-AA47-BF98-0DD8C6BC55D6}
		{B81EA122-DC29-5442-8BD3-5DBF92B32CAD} = {B81EA122-DC29-5442-8BD3-5DBF92B32CAD}
		{CD09F948-159E-EC48-B3AC-CEDCE31FE23A} = {CD09F948-159E-EC48-B3AC-CEDCE31FE23A}
		{D43DA78D-60A8-E849-8044-31BA1001125D} = {D43DA78D-60A8-E849-8044-31BA1001125D}
		{F8B599D7-B0FB-9A42-8EE1-1FE6D213EE34} = {F8B599D7-B0FB-9A42-8EE1-1FE6D213EE34}
		{CC275C61-95F2-BF4D-8780-2F02496099EC} = {CC275C61-95F2-BF4D-8780-2F02496099EC}
		{7A71BA51-9B7E-314C-B9AA-FD00CECEE1DF} = {7A71BA51-9B7E-314C-B9AA-FD00CECEE1DF}
		{D4985540-8EDF-EB42-BAFB-EE555B2754D2} = {D4985540-8EDF-EB42-BAFB-EE555B2754D2}
		{74E4E9C3-3851-7D49-99EB-513765AFF794} = {74E4E9C3-3851-7D49-99EB-513765AFF794}
		{9685F0E6-A7E0-F748-9031-0C6F52171CCD} = {9685F0E6-A7E0-F748-9031-0C6F52171CCD}
		{D7B9CBB5-202B-3A4F-B673-2E2A1FB91D52} = {D7B9CBB5-202B-3A4F-B673-2E2A1FB91D52}
		{F6804E1F-4405-E245-A193-9B11123F256A} = {F6804E1F-4405-E245-A193-9B11123F256A}
		{6B66B64D-C822-3B49-89F8-D03C32FDECF2} = {6B66B64D-C822-3B49-89F8-D03C32FDECF2}
		{DC6FCFED-7FA9-CA4A-9338-877490CF3BB8} = {DC6FCFED-7FA9-CA4A-9338-877490CF3BB8}
	EndProjectSection
EndProject
Project("{8BC9CEB8-8B4A-11D0-8D11-00A0C91BC942}") = "BulletExampleBrowserLib", "BulletExampleBrowserLib.vcxproj", "{98FDB3B1-725E-D842-A705-4DBDB045A41F}"
EndProject
Project("{8BC9CEB8-8B4A-11D0-8D11-00A0C91BC942}") = "OpenGL_Window", "OpenGL_Window.vcxproj", "{B81EA122-DC29-5442-8BD3-5DBF92B32CAD}"
EndProject
Project("{8BC9CEB8-8B4A-11D0-8D11-00A0C91BC942}") = "gwen", "gwen.vcxproj", "{AE09E4BA-E091-AA47-BF98-0DD8C6BC55D6}"
EndProject
Project("{8BC9CEB8-8B4A-11D0-8D11-00A0C91BC942}") = "App_SimpleOpenGL3", "App_SimpleOpenGL3.vcxproj", "{0AF26500-5BF7-1842-A3F2-360F40D6DF7E}"
	ProjectSection(ProjectDependencies) = postProject
		{B81EA122-DC29-5442-8BD3-5DBF92B32CAD} = {B81EA122-DC29-5442-8BD3-5DBF92B32CAD}
		{9685F0E6-A7E0-F748-9031-0C6F52171CCD} = {9685F0E6-A7E0-F748-9031-0C6F52171CCD}
	EndProjectSection
EndProject
Project("{8BC9CEB8-8B4A-11D0-8D11-00A0C91BC942}") = "App_TinyRenderer", "App_TinyRenderer.vcxproj", "{085094E6-652F-844C-994C-A4F370D30947}"
	ProjectSection(ProjectDependencies) = postProject
		{B81EA122-DC29-5442-8BD3-5DBF92B32CAD} = {B81EA122-DC29-5442-8BD3-5DBF92B32CAD}
		{9685F0E6-A7E0-F748-9031-0C6F52171CCD} = {9685F0E6-A7E0-F748-9031-0C6F52171CCD}
	EndProjectSection
EndProject
Project("{8BC9CEB8-8B4A-11D0-8D11-00A0C91BC942}") = "App_HelloWorld", "App_HelloWorld.vcxproj", "{00B30034-FF1A-814F-84ED-9C0E9BA71FC3}"
	ProjectSection(ProjectDependencies) = postProject
		{CC275C61-95F2-BF4D-8780-2F02496099EC} = {CC275C61-95F2-BF4D-8780-2F02496099EC}
		{7A71BA51-9B7E-314C-B9AA-FD00CECEE1DF} = {7A71BA51-9B7E-314C-B9AA-FD00CECEE1DF}
		{D4985540-8EDF-EB42-BAFB-EE555B2754D2} = {D4985540-8EDF-EB42-BAFB-EE555B2754D2}
	EndProjectSection
EndProject
Project("{8BC9CEB8-8B4A-11D0-8D11-00A0C91BC942}") = "App_BasicExample", "App_BasicExample.vcxproj", "{9E5AD9E4-1D4B-CA43-A186-524E40D924C0}"
	ProjectSection(ProjectDependencies) = postProject
		{CC275C61-95F2-BF4D-8780-2F02496099EC} = {CC275C61-95F2-BF4D-8780-2F02496099EC}
		{7A71BA51-9B7E-314C-B9AA-FD00CECEE1DF} = {7A71BA51-9B7E-314C-B9AA-FD00CECEE1DF}
		{D4985540-8EDF-EB42-BAFB-EE555B2754D2} = {D4985540-8EDF-EB42-BAFB-EE555B2754D2}
	EndProjectSection
EndProject
Project("{8BC9CEB8-8B4A-11D0-8D11-00A0C91BC942}") = "App_BasicExampleGui", "App_BasicExampleGui.vcxproj", "{10CB95FF-57AB-F04B-A629-40514B692352}"
	ProjectSection(ProjectDependencies) = postProject
		{CC275C61-95F2-BF4D-8780-2F02496099EC} = {CC275C61-95F2-BF4D-8780-2F02496099EC}
		{7A71BA51-9B7E-314C-B9AA-FD00CECEE1DF} = {7A71BA51-9B7E-314C-B9AA-FD00CECEE1DF}
		{D4985540-8EDF-EB42-BAFB-EE555B2754D2} = {D4985540-8EDF-EB42-BAFB-EE555B2754D2}
		{B81EA122-DC29-5442-8BD3-5DBF92B32CAD} = {B81EA122-DC29-5442-8BD3-5DBF92B32CAD}
		{9685F0E6-A7E0-F748-9031-0C6F52171CCD} = {9685F0E6-A7E0-F748-9031-0C6F52171CCD}
	EndProjectSection
EndProject
Project("{8BC9CEB8-8B4A-11D0-8D11-00A0C91BC942}") = "App_BasicExampleGuiWithSoftwareRenderer", "App_BasicExampleGuiWithSoftwareRenderer.vcxproj", "{5EFFC933-A270-1C48-9E4F-1F20A6FAFDF4}"
	ProjectSection(ProjectDependencies) = postProject
		{CC275C61-95F2-BF4D-8780-2F02496099EC} = {CC275C61-95F2-BF4D-8780-2F02496099EC}
		{7A71BA51-9B7E-314C-B9AA-FD00CECEE1DF} = {7A71BA51-9B7E-314C-B9AA-FD00CECEE1DF}
		{D4985540-8EDF-EB42-BAFB-EE555B2754D2} = {D4985540-8EDF-EB42-BAFB-EE555B2754D2}
		{B81EA122-DC29-5442-8BD3-5DBF92B32CAD} = {B81EA122-DC29-5442-8BD3-5DBF92B32CAD}
		{9685F0E6-A7E0-F748-9031-0C6F52171CCD} = {9685F0E6-A7E0-F748-9031-0C6F52171CCD}
	EndProjectSection
EndProject
Project("{8BC9CEB8-8B4A-11D0-8D11-00A0C91BC942}") = "App_BasicExampleTinyRenderer", "App_BasicExampleTinyRenderer.vcxproj", "{2715B13E-DDF8-BA4B-9BEB-7EAF6AEC79A5}"
	ProjectSection(ProjectDependencies) = postProject
		{CC275C61-95F2-BF4D-8780-2F02496099EC} = {CC275C61-95F2-BF4D-8780-2F02496099EC}
		{7A71BA51-9B7E-314C-B9AA-FD00CECEE1DF} = {7A71BA51-9B7E-314C-B9AA-FD00CECEE1DF}
		{D4985540-8EDF-EB42-BAFB-EE555B2754D2} = {D4985540-8EDF-EB42-BAFB-EE555B2754D2}
		{9685F0E6-A7E0-F748-9031-0C6F52171CCD} = {9685F0E6-A7E0-F748-9031-0C6F52171CCD}
	EndProjectSection
EndProject
Project("{8BC9CEB8-8B4A-11D0-8D11-00A0C91BC942}") = "App_InverseDynamicsExample", "App_InverseDynamicsExample.vcxproj", "{0DD23D53-A4C3-2D4A-A77B-8E6C2DE81C5D}"
	ProjectSection(ProjectDependencies) = postProject
		{D43DA78D-60A8-E849-8044-31BA1001125D} = {D43DA78D-60A8-E849-8044-31BA1001125D}
		{F8B599D7-B0FB-9A42-8EE1-1FE6D213EE34} = {F8B599D7-B0FB-9A42-8EE1-1FE6D213EE34}
		{9685F0E6-A7E0-F748-9031-0C6F52171CCD} = {9685F0E6-A7E0-F748-9031-0C6F52171CCD}
		{CC275C61-95F2-BF4D-8780-2F02496099EC} = {CC275C61-95F2-BF4D-8780-2F02496099EC}
		{7A71BA51-9B7E-314C-B9AA-FD00CECEE1DF} = {7A71BA51-9B7E-314C-B9AA-FD00CECEE1DF}
		{D4985540-8EDF-EB42-BAFB-EE555B2754D2} = {D4985540-8EDF-EB42-BAFB-EE555B2754D2}
	EndProjectSection
EndProject
Project("{8BC9CEB8-8B4A-11D0-8D11-00A0C91BC942}") = "App_InverseDynamicsExampleGui", "App_InverseDynamicsExampleGui.vcxproj", "{EF3291EB-FC2C-0A4A-856B-85E8439406DE}"
	ProjectSection(ProjectDependencies) = postProject
		{D43DA78D-60A8-E849-8044-31BA1001125D} = {D43DA78D-60A8-E849-8044-31BA1001125D}
		{F8B599D7-B0FB-9A42-8EE1-1FE6D213EE34} = {F8B599D7-B0FB-9A42-8EE1-1FE6D213EE34}
		{CC275C61-95F2-BF4D-8780-2F02496099EC} = {CC275C61-95F2-BF4D-8780-2F02496099EC}
		{7A71BA51-9B7E-314C-B9AA-FD00CECEE1DF} = {7A71BA51-9B7E-314C-B9AA-FD00CECEE1DF}
		{D4985540-8EDF-EB42-BAFB-EE555B2754D2} = {D4985540-8EDF-EB42-BAFB-EE555B2754D2}
		{B81EA122-DC29-5442-8BD3-5DBF92B32CAD} = {B81EA122-DC29-5442-8BD3-5DBF92B32CAD}
		{9685F0E6-A7E0-F748-9031-0C6F52171CCD} = {9685F0E6-A7E0-F748-9031-0C6F52171CCD}
	EndProjectSection
EndProject
Project("{8BC9CEB8-8B4A-11D0-8D11-00A0C91BC942}") = "App_InverseDynamicsExampleGuiWithSoftwareRenderer", "App_InverseDynamicsExampleGuiWithSoftwareRenderer.vcxproj", "{53C86200-7B61-5D43-98E1-E28B8AF920DF}"
	ProjectSection(ProjectDependencies) = postProject
		{D43DA78D-60A8-E849-8044-31BA1001125D} = {D43DA78D-60A8-E849-8044-31BA1001125D}
		{F8B599D7-B0FB-9A42-8EE1-1FE6D213EE34} = {F8B599D7-B0FB-9A42-8EE1-1FE6D213EE34}
		{CC275C61-95F2-BF4D-8780-2F02496099EC} = {CC275C61-95F2-BF4D-8780-2F02496099EC}
		{7A71BA51-9B7E-314C-B9AA-FD00CECEE1DF} = {7A71BA51-9B7E-314C-B9AA-FD00CECEE1DF}
		{D4985540-8EDF-EB42-BAFB-EE555B2754D2} = {D4985540-8EDF-EB42-BAFB-EE555B2754D2}
		{B81EA122-DC29-5442-8BD3-5DBF92B32CAD} = {B81EA122-DC29-5442-8BD3-5DBF92B32CAD}
		{9685F0E6-A7E0-F748-9031-0C6F52171CCD} = {9685F0E6-A7E0-F748-9031-0C6F52171CCD}
	EndProjectSection
EndProject
Project("{8BC9CEB8-8B4A-11D0-8D11-00A0C91BC942}") = "App_InverseDynamicsExampleTinyRenderer", "App_InverseDynamicsExampleTinyRenderer.vcxproj", "{E7B4E3BD-2F70-534E-BE0E-8E54250032B9}"
	ProjectSection(ProjectDependencies) = postProject
		{D43DA78D-60A8-E849-8044-31BA1001125D} = {D43DA78D-60A8-E849-8044-31BA1001125D}
		{F8B599D7-B0FB-9A42-8EE1-1FE6D213EE34} = {F8B599D7-B0FB-9A42-8EE1-1FE6D213EE34}
		{CC275C61-95F2-BF4D-8780-2F02496099EC} = {CC275C61-95F2-BF4D-8780-2F02496099EC}
		{7A71BA51-9B7E-314C-B9AA-FD00CECEE1DF} = {7A71BA51-9B7E-314C-B9AA-FD00CECEE1DF}
		{D4985540-8EDF-EB42-BAFB-EE555B2754D2} = {D4985540-8EDF-EB42-BAFB-EE555B2754D2}
		{9685F0E6-A7E0-F748-9031-0C6F52171CCD} = {9685F0E6-A7E0-F748-9031-0C6F52171CCD}
	EndProjectSection
EndProject
Project("{8BC9CEB8-8B4A-11D0-8D11-00A0C91BC942}") = "App_RigidBodyFromObjExample", "App_RigidBodyFromObjExample.vcxproj", "{C9E2A0E0-3AB2-964A-A3B8-EF3E216B3D6A}"
	ProjectSection(ProjectDependencies) = postProject
		{D43DA78D-60A8-E849-8044-31BA1001125D} = {D43DA78D-60A8-E849-8044-31BA1001125D}
		{F8B599D7-B0FB-9A42-8EE1-1FE6D213EE34} = {F8B599D7-B0FB-9A42-8EE1-1FE6D213EE34}
		{9685F0E6-A7E0-F748-9031-0C6F52171CCD} = {9685F0E6-A7E0-F748-9031-0C6F52171CCD}
		{CC275C61-95F2-BF4D-8780-2F02496099EC} = {CC275C61-95F2-BF4D-8780-2F02496099EC}
		{7A71BA51-9B7E-314C-B9AA-FD00CECEE1DF} = {7A71BA51-9B7E-314C-B9AA-FD00CECEE1DF}
		{D4985540-8EDF-EB42-BAFB-EE555B2754D2} = {D4985540-8EDF-EB42-BAFB-EE555B2754D2}
	EndProjectSection
EndProject
Project("{8BC9CEB8-8B4A-11D0-8D11-00A0C91BC942}") = "App_RigidBodyFromObjExampleGui", "App_RigidBodyFromObjExampleGui.vcxproj", "{B0E5A04E-3209-3047-B408-59C9FBECC5BC}"
	ProjectSection(ProjectDependencies) = postProject
		{D43DA78D-60A8-E849-8044-31BA1001125D} = {D43DA78D-60A8-E849-8044-31BA1001125D}
		{F8B599D7-B0FB-9A42-8EE1-1FE6D213EE34} = {F8B599D7-B0FB-9A42-8EE1-1FE6D213EE34}
		{CC275C61-95F2-BF4D-8780-2F02496099EC} = {CC275C61-95F2-BF4D-8780-2F02496099EC}
		{7A71BA51-9B7E-314C-B9AA-FD00CECEE1DF} = {7A71BA51-9B7E-314C-B9AA-FD00CECEE1DF}
		{D4985540-8EDF-EB42-BAFB-EE555B2754D2} = {D4985540-8EDF-EB42-BAFB-EE555B2754D2}
		{B81EA122-DC29-5442-8BD3-5DBF92B32CAD} = {B81EA122-DC29-5442-8BD3-5DBF92B32CAD}
		{9685F0E6-A7E0-F748-9031-0C6F52171CCD} = {9685F0E6-A7E0-F748-9031-0C6F52171CCD}
	EndProjectSection
EndProject
Project("{8BC9CEB8-8B4A-11D0-8D11-00A0C91BC942}") = "App_RigidBodyFromObjExampleGuiWithSoftwareRenderer", "App_RigidBodyFromObjExampleGuiWithSoftwareRenderer.vcxproj", "{80156846-5057-9342-ADB2-D38DF8CA25BB}"
	ProjectSection(ProjectDependencies) = postProject
		{D43DA78D-60A8-E849-8044-31BA1001125D} = {D43DA78D-60A8-E849-8044-31BA1001125D}
		{F8B599D7-B0FB-9A42-8EE1-1FE6D213EE34} = {F8B599D7-B0FB-9A42-8EE1-1FE6D213EE34}
		{CC275C61-95F2-BF4D-8780-2F02496099EC} = {CC275C61-95F2-BF4D-8780-2F02496099EC}
		{7A71BA51-9B7E-314C-B9AA-FD00CECEE1DF} = {7A71BA51-9B7E-314C-B9AA-FD00CECEE1DF}
		{D4985540-8EDF-EB42-BAFB-EE555B2754D2} = {D4985540-8EDF-EB42-BAFB-EE555B2754D2}
		{B81EA122-DC29-5442-8BD3-5DBF92B32CAD} = {B81EA122-DC29-5442-8BD3-5DBF92B32CAD}
		{9685F0E6-A7E0-F748-9031-0C6F52171CCD} = {9685F0E6-A7E0-F748-9031-0C6F52171CCD}
	EndProjectSection
EndProject
Project("{8BC9CEB8-8B4A-11D0-8D11-00A0C91BC942}") = "App_RigidBodyFromObjExampleTinyRenderer", "App_RigidBodyFromObjExampleTinyRenderer.vcxproj", "{CA86E790-6E2E-B748-BA28-C81A920A19C4}"
	ProjectSection(ProjectDependencies) = postProject
		{D43DA78D-60A8-E849-8044-31BA1001125D} = {D43DA78D-60A8-E849-8044-31BA1001125D}
		{F8B599D7-B0FB-9A42-8EE1-1FE6D213EE34} = {F8B599D7-B0FB-9A42-8EE1-1FE6D213EE34}
		{CC275C61-95F2-BF4D-8780-2F02496099EC} = {CC275C61-95F2-BF4D-8780-2F02496099EC}
		{7A71BA51-9B7E-314C-B9AA-FD00CECEE1DF} = {7A71BA51-9B7E-314C-B9AA-FD00CECEE1DF}
		{D4985540-8EDF-EB42-BAFB-EE555B2754D2} = {D4985540-8EDF-EB42-BAFB-EE555B2754D2}
		{9685F0E6-A7E0-F748-9031-0C6F52171CCD} = {9685F0E6-A7E0-F748-9031-0C6F52171CCD}
	EndProjectSection
EndProject
Project("{8BC9CEB8-8B4A-11D0-8D11-00A0C91BC942}") = "App_SharedMemoryPhysics", "App_SharedMemoryPhysics.vcxproj", "{4F53B566-E9EF-B449-BED6-FACC7BAC2B99}"
	ProjectSection(ProjectDependencies) = postProject
		{9685F0E6-A7E0-F748-9031-0C6F52171CCD} = {9685F0E6-A7E0-F748-9031-0C6F52171CCD}
		{D43DA78D-60A8-E849-8044-31BA1001125D} = {D43DA78D-60A8-E849-8044-31BA1001125D}
		{F8B599D7-B0FB-9A42-8EE1-1FE6D213EE34} = {F8B599D7-B0FB-9A42-8EE1-1FE6D213EE34}
		{CC275C61-95F2-BF4D-8780-2F02496099EC} = {CC275C61-95F2-BF4D-8780-2F02496099EC}
		{7A71BA51-9B7E-314C-B9AA-FD00CECEE1DF} = {7A71BA51-9B7E-314C-B9AA-FD00CECEE1DF}
		{D4985540-8EDF-EB42-BAFB-EE555B2754D2} = {D4985540-8EDF-EB42-BAFB-EE555B2754D2}
		{74E4E9C3-3851-7D49-99EB-513765AFF794} = {74E4E9C3-3851-7D49-99EB-513765AFF794}
	EndProjectSection
EndProject
Project("{8BC9CEB8-8B4A-11D0-8D11-00A0C91BC942}") = "App_SharedMemoryPhysics_GUI", "App_SharedMemoryPhysics_GUI.vcxproj", "{5F8ADC83-D5C6-9146-B46E-1FB2FA1A02FA}"
	ProjectSection(ProjectDependencies) = postProject
		{D43DA78D-60A8-E849-8044-31BA1001125D} = {D43DA78D-60A8-E849-8044-31BA1001125D}
		{F8B599D7-B0FB-9A42-8EE1-1FE6D213EE34} = {F8B599D7-B0FB-9A42-8EE1-1FE6D213EE34}
		{CC275C61-95F2-BF4D-8780-2F02496099EC} = {CC275C61-95F2-BF4D-8780-2F02496099EC}
		{7A71BA51-9B7E-314C-B9AA-FD00CECEE1DF} = {7A71BA51-9B7E-314C-B9AA-FD00CECEE1DF}
		{D4985540-8EDF-EB42-BAFB-EE555B2754D2} = {D4985540-8EDF-EB42-BAFB-EE555B2754D2}
		{B81EA122-DC29-5442-8BD3-5DBF92B32CAD} = {B81EA122-DC29-5442-8BD3-5DBF92B32CAD}
		{9685F0E6-A7E0-F748-9031-0C6F52171CCD} = {9685F0E6-A7E0-F748-9031-0C6F52171CCD}
		{74E4E9C3-3851-7D49-99EB-513765AFF794} = {74E4E9C3-3851-7D49-99EB-513765AFF794}
	EndProjectSection
EndProject
Project("{8BC9CEB8-8B4A-11D0-8D11-00A0C91BC942}") = "App_SharedMemoryPhysics_VR", "App_SharedMemoryPhysics_VR.vcxproj", "{BD2DF866-D5C6-7241-9146-4047BF3C971D}"
	ProjectSection(ProjectDependencies) = postProject
		{D43DA78D-60A8-E849-8044-31BA1001125D} = {D43DA78D-60A8-E849-8044-31BA1001125D}
		{F8B599D7-B0FB-9A42-8EE1-1FE6D213EE34} = {F8B599D7-B0FB-9A42-8EE1-1FE6D213EE34}
		{9685F0E6-A7E0-F748-9031-0C6F52171CCD} = {9685F0E6-A7E0-F748-9031-0C6F52171CCD}
		{CC275C61-95F2-BF4D-8780-2F02496099EC} = {CC275C61-95F2-BF4D-8780-2F02496099EC}
		{7A71BA51-9B7E-314C-B9AA-FD00CECEE1DF} = {7A71BA51-9B7E-314C-B9AA-FD00CECEE1DF}
		{D4985540-8EDF-EB42-BAFB-EE555B2754D2} = {D4985540-8EDF-EB42-BAFB-EE555B2754D2}
		{B81EA122-DC29-5442-8BD3-5DBF92B32CAD} = {B81EA122-DC29-5442-8BD3-5DBF92B32CAD}
		{74E4E9C3-3851-7D49-99EB-513765AFF794} = {74E4E9C3-3851-7D49-99EB-513765AFF794}
	EndProjectSection
EndProject
Project("{8BC9CEB8-8B4A-11D0-8D11-00A0C91BC942}") = "App_PhysicsServerSharedMemoryBridgeUDP", "App_PhysicsServerSharedMemoryBridgeUDP.vcxproj", "{3B300178-84D2-234C-895B-B2AC1E43820B}"
	ProjectSection(ProjectDependencies) = postProject
		{DBA7F4EE-6322-9743-9991-BA0B16CFDEBE} = {DBA7F4EE-6322-9743-9991-BA0B16CFDEBE}
		{ACE42824-B2B9-9244-902F-7D032C59258A} = {ACE42824-B2B9-9244-902F-7D032C59258A}
		{9685F0E6-A7E0-F748-9031-0C6F52171CCD} = {9685F0E6-A7E0-F748-9031-0C6F52171CCD}
		{D4985540-8EDF-EB42-BAFB-EE555B2754D2} = {D4985540-8EDF-EB42-BAFB-EE555B2754D2}
	EndProjectSection
EndProject
Project("{8BC9CEB8-8B4A-11D0-8D11-00A0C91BC942}") = "App_PhysicsServerUDP", "App_PhysicsServerUDP.vcxproj", "{3901ED41-82F2-FE41-B581-1893D752E629}"
	ProjectSection(ProjectDependencies) = postProject
		{DBA7F4EE-6322-9743-9991-BA0B16CFDEBE} = {DBA7F4EE-6322-9743-9991-BA0B16CFDEBE}
		{9685F0E6-A7E0-F748-9031-0C6F52171CCD} = {9685F0E6-A7E0-F748-9031-0C6F52171CCD}
		{D43DA78D-60A8-E849-8044-31BA1001125D} = {D43DA78D-60A8-E849-8044-31BA1001125D}
		{F8B599D7-B0FB-9A42-8EE1-1FE6D213EE34} = {F8B599D7-B0FB-9A42-8EE1-1FE6D213EE34}
		{CC275C61-95F2-BF4D-8780-2F02496099EC} = {CC275C61-95F2-BF4D-8780-2F02496099EC}
		{7A71BA51-9B7E-314C-B9AA-FD00CECEE1DF} = {7A71BA51-9B7E-314C-B9AA-FD00CECEE1DF}
		{D4985540-8EDF-EB42-BAFB-EE555B2754D2} = {D4985540-8EDF-EB42-BAFB-EE555B2754D2}
		{74E4E9C3-3851-7D49-99EB-513765AFF794} = {74E4E9C3-3851-7D49-99EB-513765AFF794}
	EndProjectSection
EndProject
Project("{8BC9CEB8-8B4A-11D0-8D11-00A0C91BC942}") = "BussIK", "BussIK.vcxproj", "{74E4E9C3-3851-7D49-99EB-513765AFF794}"
EndProject
Project("{8BC9CEB8-8B4A-11D0-8D11-00A0C91BC942}") = "App_ThreadingTest", "App_ThreadingTest.vcxproj", "{37A58160-AC0E-E64F-99C2-20F392033875}"
	ProjectSection(ProjectDependencies) = postProject
		{9685F0E6-A7E0-F748-9031-0C6F52171CCD} = {9685F0E6-A7E0-F748-9031-0C6F52171CCD}
	EndProjectSection
EndProject
Project("{8BC9CEB8-8B4A-11D0-8D11-00A0C91BC942}") = "Test_SharedMemoryPhysicsClient", "Test_SharedMemoryPhysicsClient.vcxproj", "{5F44A58F-1299-E249-BD66-36D3C64E9183}"
	ProjectSection(ProjectDependencies) = postProject
		{ACE42824-B2B9-9244-902F-7D032C59258A} = {ACE42824-B2B9-9244-902F-7D032C59258A}
		{9685F0E6-A7E0-F748-9031-0C6F52171CCD} = {9685F0E6-A7E0-F748-9031-0C6F52171CCD}
		{D4985540-8EDF-EB42-BAFB-EE555B2754D2} = {D4985540-8EDF-EB42-BAFB-EE555B2754D2}
	EndProjectSection
EndProject
Project("{8BC9CEB8-8B4A-11D0-8D11-00A0C91BC942}") = "Test_PhysicsServerLoopBack", "Test_PhysicsServerLoopBack.vcxproj", "{2DDF3FFE-0295-4F42-8DB3-04A0BC6AFF62}"
	ProjectSection(ProjectDependencies) = postProject
		{D43DA78D-60A8-E849-8044-31BA1001125D} = {D43DA78D-60A8-E849-8044-31BA1001125D}
		{F8B599D7-B0FB-9A42-8EE1-1FE6D213EE34} = {F8B599D7-B0FB-9A42-8EE1-1FE6D213EE34}
		{ACE42824-B2B9-9244-902F-7D032C59258A} = {ACE42824-B2B9-9244-902F-7D032C59258A}
		{A4B77CFC-5611-3042-BE0B-004C321B2DC3} = {A4B77CFC-5611-3042-BE0B-004C321B2DC3}
		{9685F0E6-A7E0-F748-9031-0C6F52171CCD} = {9685F0E6-A7E0-F748-9031-0C6F52171CCD}
		{CC275C61-95F2-BF4D-8780-2F02496099EC} = {CC275C61-95F2-BF4D-8780-2F02496099EC}
		{7A71BA51-9B7E-314C-B9AA-FD00CECEE1DF} = {7A71BA51-9B7E-314C-B9AA-FD00CECEE1DF}
		{74E4E9C3-3851-7D49-99EB-513765AFF794} = {74E4E9C3-3851-7D49-99EB-513765AFF794}
		{D4985540-8EDF-EB42-BAFB-EE555B2754D2} = {D4985540-8EDF-EB42-BAFB-EE555B2754D2}
	EndProjectSection
EndProject
Project("{8BC9CEB8-8B4A-11D0-8D11-00A0C91BC942}") = "Test_PhysicsServerDirect", "Test_PhysicsServerDirect.vcxproj", "{5E8EF0B0-84DE-9848-9CFA-C502EC34943F}"
	ProjectSection(ProjectDependencies) = postProject
		{D43DA78D-60A8-E849-8044-31BA1001125D} = {D43DA78D-60A8-E849-8044-31BA1001125D}
		{F8B599D7-B0FB-9A42-8EE1-1FE6D213EE34} = {F8B599D7-B0FB-9A42-8EE1-1FE6D213EE34}
		{ACE42824-B2B9-9244-902F-7D032C59258A} = {ACE42824-B2B9-9244-902F-7D032C59258A}
		{A4B77CFC-5611-3042-BE0B-004C321B2DC3} = {A4B77CFC-5611-3042-BE0B-004C321B2DC3}
		{9685F0E6-A7E0-F748-9031-0C6F52171CCD} = {9685F0E6-A7E0-F748-9031-0C6F52171CCD}
		{CC275C61-95F2-BF4D-8780-2F02496099EC} = {CC275C61-95F2-BF4D-8780-2F02496099EC}
		{7A71BA51-9B7E-314C-B9AA-FD00CECEE1DF} = {7A71BA51-9B7E-314C-B9AA-FD00CECEE1DF}
		{74E4E9C3-3851-7D49-99EB-513765AFF794} = {74E4E9C3-3851-7D49-99EB-513765AFF794}
		{D4985540-8EDF-EB42-BAFB-EE555B2754D2} = {D4985540-8EDF-EB42-BAFB-EE555B2754D2}
	EndProjectSection
EndProject
Project("{8BC9CEB8-8B4A-11D0-8D11-00A0C91BC942}") = "Test_PhysicsServerInProcessExampleBrowser", "Test_PhysicsServerInProcessExampleBrowser.vcxproj", "{8A4133EB-DA4D-5B4B-8470-8BB0404EBAE9}"
	ProjectSection(ProjectDependencies) = postProject
		{98FDB3B1-725E-D842-A705-4DBDB045A41F} = {98FDB3B1-725E-D842-A705-4DBDB045A41F}
		{AE09E4BA-E091-AA47-BF98-0DD8C6BC55D6} = {AE09E4BA-E091-AA47-BF98-0DD8C6BC55D6}
		{B81EA122-DC29-5442-8BD3-5DBF92B32CAD} = {B81EA122-DC29-5442-8BD3-5DBF92B32CAD}
		{ACE42824-B2B9-9244-902F-7D032C59258A} = {ACE42824-B2B9-9244-902F-7D032C59258A}
		{A4B77CFC-5611-3042-BE0B-004C321B2DC3} = {A4B77CFC-5611-3042-BE0B-004C321B2DC3}
		{CD09F948-159E-EC48-B3AC-CEDCE31FE23A} = {CD09F948-159E-EC48-B3AC-CEDCE31FE23A}
		{D43DA78D-60A8-E849-8044-31BA1001125D} = {D43DA78D-60A8-E849-8044-31BA1001125D}
		{F8B599D7-B0FB-9A42-8EE1-1FE6D213EE34} = {F8B599D7-B0FB-9A42-8EE1-1FE6D213EE34}
		{CC275C61-95F2-BF4D-8780-2F02496099EC} = {CC275C61-95F2-BF4D-8780-2F02496099EC}
		{7A71BA51-9B7E-314C-B9AA-FD00CECEE1DF} = {7A71BA51-9B7E-314C-B9AA-FD00CECEE1DF}
		{D4985540-8EDF-EB42-BAFB-EE555B2754D2} = {D4985540-8EDF-EB42-BAFB-EE555B2754D2}
		{74E4E9C3-3851-7D49-99EB-513765AFF794} = {74E4E9C3-3851-7D49-99EB-513765AFF794}
		{9685F0E6-A7E0-F748-9031-0C6F52171CCD} = {9685F0E6-A7E0-F748-9031-0C6F52171CCD}
		{D7B9CBB5-202B-3A4F-B673-2E2A1FB91D52} = {D7B9CBB5-202B-3A4F-B673-2E2A1FB91D52}
		{F6804E1F-4405-E245-A193-9B11123F256A} = {F6804E1F-4405-E245-A193-9B11123F256A}
		{6B66B64D-C822-3B49-89F8-D03C32FDECF2} = {6B66B64D-C822-3B49-89F8-D03C32FDECF2}
		{DC6FCFED-7FA9-CA4A-9338-877490CF3BB8} = {DC6FCFED-7FA9-CA4A-9338-877490CF3BB8}
	EndProjectSection
EndProject
Project("{8BC9CEB8-8B4A-11D0-8D11-00A0C91BC942}") = "enet", "enet.vcxproj", "{DBA7F4EE-6322-9743-9991-BA0B16CFDEBE}"
EndProject
Project("{8BC9CEB8-8B4A-11D0-8D11-00A0C91BC942}") = "Test_enet_nat_punchthrough_client", "Test_enet_nat_punchthrough_client.vcxproj", "{713212CD-3788-E948-8A89-CEA5BC42F811}"
	ProjectSection(ProjectDependencies) = postProject
		{DBA7F4EE-6322-9743-9991-BA0B16CFDEBE} = {DBA7F4EE-6322-9743-9991-BA0B16CFDEBE}
	EndProjectSection
EndProject
Project("{8BC9CEB8-8B4A-11D0-8D11-00A0C91BC942}") = "Test_enet_nat_punchthrough_server", "Test_enet_nat_punchthrough_server.vcxproj", "{10AC6B6D-9E72-8E4A-8343-77BA0B3AF57C}"
	ProjectSection(ProjectDependencies) = postProject
		{DBA7F4EE-6322-9743-9991-BA0B16CFDEBE} = {DBA7F4EE-6322-9743-9991-BA0B16CFDEBE}
	EndProjectSection
EndProject
Project("{8BC9CEB8-8B4A-11D0-8D11-00A0C91BC942}") = "Test_enet_chat_client", "Test_enet_chat_client.vcxproj", "{716BB4B6-8643-3847-93C2-5968467471F0}"
	ProjectSection(ProjectDependencies) = postProject
		{DBA7F4EE-6322-9743-9991-BA0B16CFDEBE} = {DBA7F4EE-6322-9743-9991-BA0B16CFDEBE}
	EndProjectSection
EndProject
Project("{8BC9CEB8-8B4A-11D0-8D11-00A0C91BC942}") = "Test_enet_chat_server", "Test_enet_chat_server.vcxproj", "{40F4EFF7-1DE9-D147-804A-4834E63F311E}"
	ProjectSection(ProjectDependencies) = postProject
		{DBA7F4EE-6322-9743-9991-BA0B16CFDEBE} = {DBA7F4EE-6322-9743-9991-BA0B16CFDEBE}
	EndProjectSection
EndProject
Project("{8BC9CEB8-8B4A-11D0-8D11-00A0C91BC942}") = "Bullet3Common", "Bullet3Common.vcxproj", "{9685F0E6-A7E0-F748-9031-0C6F52171CCD}"
EndProject
Project("{8BC9CEB8-8B4A-11D0-8D11-00A0C91BC942}") = "Bullet3Geometry", "Bullet3Geometry.vcxproj", "{DC6FCFED-7FA9-CA4A-9338-877490CF3BB8}"
EndProject
Project("{8BC9CEB8-8B4A-11D0-8D11-00A0C91BC942}") = "Bullet3Collision", "Bullet3Collision.vcxproj", "{6B66B64D-C822-3B49-89F8-D03C32FDECF2}"
EndProject
Project("{8BC9CEB8-8B4A-11D0-8D11-00A0C91BC942}") = "Bullet3Dynamics", "Bullet3Dynamics.vcxproj", "{F6804E1F-4405-E245-A193-9B11123F256A}"
EndProject
Project("{8BC9CEB8-8B4A-11D0-8D11-00A0C91BC942}") = "Bullet3OpenCL_clew", "Bullet3OpenCL_clew.vcxproj", "{D7B9CBB5-202B-3A4F-B673-2E2A1FB91D52}"
EndProject
Project("{8BC9CEB8-8B4A-11D0-8D11-00A0C91BC942}") = "Bullet2FileLoader", "Bullet2FileLoader.vcxproj", "{6EB14FF6-B5E4-A54F-8DF9-7E6D10671F71}"
EndProject
Project("{8BC9CEB8-8B4A-11D0-8D11-00A0C91BC942}") = "HACD", "HACD.vcxproj", "{5E8ADD94-977B-914B-A22E-438261E91D19}"
EndProject
Project("{8BC9CEB8-8B4A-11D0-8D11-00A0C91BC942}") = "vhacd", "vhacd.vcxproj", "{36B3D2AA-6A78-B34F-8067-A90352107DF3}"
EndProject
Project("{8BC9CEB8-8B4A-11D0-8D11-00A0C91BC942}") = "test_vhacd", "test_vhacd.vcxproj", "{992E3397-1D90-B64B-B9B4-020A16268F79}"
	ProjectSection(ProjectDependencies) = postProject
		{36B3D2AA-6A78-B34F-8067-A90352107DF3} = {36B3D2AA-6A78-B34F-8067-A90352107DF3}
	EndProjectSection
EndProject
Project("{8BC9CEB8-8B4A-11D0-8D11-00A0C91BC942}") = "ConvexDecomposition", "ConvexDecomposition.vcxproj", "{7893BAB7-2D5D-C74F-90A5-FC1766660EEC}"
EndProject
Project("{8BC9CEB8-8B4A-11D0-8D11-00A0C91BC942}") = "BulletInverseDynamicsUtils", "BulletInverseDynamicsUtils.vcxproj", "{D43DA78D-60A8-E849-8044-31BA1001125D}"
EndProject
Project("{8BC9CEB8-8B4A-11D0-8D11-00A0C91BC942}") = "BulletFileLoader", "BulletFileLoader.vcxproj", "{ACE42824-B2B9-9244-902F-7D032C59258A}"
EndProject
Project("{8BC9CEB8-8B4A-11D0-8D11-00A0C91BC942}") = "BulletWorldImporter", "BulletWorldImporter.vcxproj", "{A4B77CFC-5611-3042-BE0B-004C321B2DC3}"
EndProject
Project("{8BC9CEB8-8B4A-11D0-8D11-00A0C91BC942}") = "BulletXmlWorldImporter", "BulletXmlWorldImporter.vcxproj", "{81856E37-DE7A-B045-B2CB-429DC7267C8F}"
EndProject
Project("{8BC9CEB8-8B4A-11D0-8D11-00A0C91BC942}") = "Test_LinearMath", "Test_LinearMath.vcxproj", "{30B29C78-4CF2-C444-8057-3646FB62E775}"
	ProjectSection(ProjectDependencies) = postProject
		{CC275C61-95F2-BF4D-8780-2F02496099EC} = {CC275C61-95F2-BF4D-8780-2F02496099EC}
		{7A71BA51-9B7E-314C-B9AA-FD00CECEE1DF} = {7A71BA51-9B7E-314C-B9AA-FD00CECEE1DF}
		{D4985540-8EDF-EB42-BAFB-EE555B2754D2} = {D4985540-8EDF-EB42-BAFB-EE555B2754D2}
	EndProjectSection
EndProject
Project("{8BC9CEB8-8B4A-11D0-8D11-00A0C91BC942}") = "gtest", "gtest.vcxproj", "{18A93CAB-D6A4-7046-B557-65E00FD6406E}"
EndProject
Project("{8BC9CEB8-8B4A-11D0-8D11-00A0C91BC942}") = "Test_BulletCollision", "Test_BulletCollision.vcxproj", "{E70AB149-987A-B64E-9074-5F5B47B1899C}"
	ProjectSection(ProjectDependencies) = postProject
		{D4985540-8EDF-EB42-BAFB-EE555B2754D2} = {D4985540-8EDF-EB42-BAFB-EE555B2754D2}
		{18A93CAB-D6A4-7046-B557-65E00FD6406E} = {18A93CAB-D6A4-7046-B557-65E00FD6406E}
	EndProjectSection
EndProject
Project("{8BC9CEB8-8B4A-11D0-8D11-00A0C91BC942}") = "Test_BulletDynamics", "Test_BulletDynamics.vcxproj", "{BCA047BD-1DB2-874A-AC9E-A64639E98A33}"
	ProjectSection(ProjectDependencies) = postProject
		{CC275C61-95F2-BF4D-8780-2F02496099EC} = {CC275C61-95F2-BF4D-8780-2F02496099EC}
		{7A71BA51-9B7E-314C-B9AA-FD00CECEE1DF} = {7A71BA51-9B7E-314C-B9AA-FD00CECEE1DF}
		{D4985540-8EDF-EB42-BAFB-EE555B2754D2} = {D4985540-8EDF-EB42-BAFB-EE555B2754D2}
		{18A93CAB-D6A4-7046-B557-65E00FD6406E} = {18A93CAB-D6A4-7046-B557-65E00FD6406E}
	EndProjectSection
EndProject
Project("{8BC9CEB8-8B4A-11D0-8D11-00A0C91BC942}") = "Test_InverseDynamicsKinematics", "Test_InverseDynamicsKinematics.vcxproj", "{F577E418-5B5A-8344-8CFB-136E9D4609A6}"
	ProjectSection(ProjectDependencies) = postProject
		{D43DA78D-60A8-E849-8044-31BA1001125D} = {D43DA78D-60A8-E849-8044-31BA1001125D}
		{F8B599D7-B0FB-9A42-8EE1-1FE6D213EE34} = {F8B599D7-B0FB-9A42-8EE1-1FE6D213EE34}
		{9685F0E6-A7E0-F748-9031-0C6F52171CCD} = {9685F0E6-A7E0-F748-9031-0C6F52171CCD}
		{D4985540-8EDF-EB42-BAFB-EE555B2754D2} = {D4985540-8EDF-EB42-BAFB-EE555B2754D2}
		{18A93CAB-D6A4-7046-B557-65E00FD6406E} = {18A93CAB-D6A4-7046-B557-65E00FD6406E}
	EndProjectSection
EndProject
Project("{8BC9CEB8-8B4A-11D0-8D11-00A0C91BC942}") = "Test_InverseDynamicsJacobian", "Test_InverseDynamicsJacobian.vcxproj", "{BC092FB6-3B19-0F41-B6D6-931AB4F540F3}"
	ProjectSection(ProjectDependencies) = postProject
		{D43DA78D-60A8-E849-8044-31BA1001125D} = {D43DA78D-60A8-E849-8044-31BA1001125D}
		{F8B599D7-B0FB-9A42-8EE1-1FE6D213EE34} = {F8B599D7-B0FB-9A42-8EE1-1FE6D213EE34}
		{9685F0E6-A7E0-F748-9031-0C6F52171CCD} = {9685F0E6-A7E0-F748-9031-0C6F52171CCD}
		{D4985540-8EDF-EB42-BAFB-EE555B2754D2} = {D4985540-8EDF-EB42-BAFB-EE555B2754D2}
		{18A93CAB-D6A4-7046-B557-65E00FD6406E} = {18A93CAB-D6A4-7046-B557-65E00FD6406E}
	EndProjectSection
EndProject
Project("{8BC9CEB8-8B4A-11D0-8D11-00A0C91BC942}") = "Test_InverseForwardDynamics", "Test_InverseForwardDynamics.vcxproj", "{54DFC3CB-7511-FE4C-BF61-68ED65208DF9}"
	ProjectSection(ProjectDependencies) = postProject
		{CC275C61-95F2-BF4D-8780-2F02496099EC} = {CC275C61-95F2-BF4D-8780-2F02496099EC}
		{7A71BA51-9B7E-314C-B9AA-FD00CECEE1DF} = {7A71BA51-9B7E-314C-B9AA-FD00CECEE1DF}
		{D43DA78D-60A8-E849-8044-31BA1001125D} = {D43DA78D-60A8-E849-8044-31BA1001125D}
		{F8B599D7-B0FB-9A42-8EE1-1FE6D213EE34} = {F8B599D7-B0FB-9A42-8EE1-1FE6D213EE34}
		{9685F0E6-A7E0-F748-9031-0C6F52171CCD} = {9685F0E6-A7E0-F748-9031-0C6F52171CCD}
		{D4985540-8EDF-EB42-BAFB-EE555B2754D2} = {D4985540-8EDF-EB42-BAFB-EE555B2754D2}
		{18A93CAB-D6A4-7046-B557-65E00FD6406E} = {18A93CAB-D6A4-7046-B557-65E00FD6406E}
	EndProjectSection
EndProject
Project("{8BC9CEB8-8B4A-11D0-8D11-00A0C91BC942}") = "Test_OpenCL_Bullet3", "Test_OpenCL_Bullet3.vcxproj", "{644778F0-077A-BE47-94AF-43D3FA41CED6}"
	ProjectSection(ProjectDependencies) = postProject
		{18A93CAB-D6A4-7046-B557-65E00FD6406E} = {18A93CAB-D6A4-7046-B557-65E00FD6406E}
		{D7B9CBB5-202B-3A4F-B673-2E2A1FB91D52} = {D7B9CBB5-202B-3A4F-B673-2E2A1FB91D52}
		{9685F0E6-A7E0-F748-9031-0C6F52171CCD} = {9685F0E6-A7E0-F748-9031-0C6F52171CCD}
	EndProjectSection
EndProject
Project("{8BC9CEB8-8B4A-11D0-8D11-00A0C91BC942}") = "Test_Gwen_OpenGL", "Test_Gwen_OpenGL.vcxproj", "{C2D34A60-B3F5-A646-93FC-73C3F29E2DEB}"
	ProjectSection(ProjectDependencies) = postProject
		{AE09E4BA-E091-AA47-BF98-0DD8C6BC55D6} = {AE09E4BA-E091-AA47-BF98-0DD8C6BC55D6}
	EndProjectSection
EndProject
Project("{8BC9CEB8-8B4A-11D0-8D11-00A0C91BC942}") = "BulletInverseDynamics", "BulletInverseDynamics.vcxproj", "{F8B599D7-B0FB-9A42-8EE1-1FE6D213EE34}"
EndProject
Project("{8BC9CEB8-8B4A-11D0-8D11-00A0C91BC942}") = "BulletSoftBody", "BulletSoftBody.vcxproj", "{CD09F948-159E-EC48-B3AC-CEDCE31FE23A}"
EndProject
Project("{8BC9CEB8-8B4A-11D0-8D11-00A0C91BC942}") = "BulletDynamics", "BulletDynamics.vcxproj", "{CC275C61-95F2-BF4D-8780-2F02496099EC}"
EndProject
Project("{8BC9CEB8-8B4A-11D0-8D11-00A0C91BC942}") = "BulletCollision", "BulletCollision.vcxproj", "{7A71BA51-9B7E-314C-B9AA-FD00CECEE1DF}"
EndProject
Project("{8BC9CEB8-8B4A-11D0-8D11-00A0C91BC942}") = "LinearMath", "LinearMath.vcxproj", "{D4985540-8EDF-EB42-BAFB-EE555B2754D2}"
EndProject
Global
	GlobalSection(SolutionConfigurationPlatforms) = preSolution
		Release|Win32 = Release|Win32
		Release|x64 = Release|x64
		Debug|Win32 = Debug|Win32
		Debug|x64 = Debug|x64
	EndGlobalSection
	GlobalSection(ProjectConfigurationPlatforms) = postSolution
		{E74D87DE-887B-B149-A295-B74DBDB28BDF}.Release|Win32.ActiveCfg = Release|Win32
		{E74D87DE-887B-B149-A295-B74DBDB28BDF}.Release|Win32.Build.0 = Release|Win32
		{E74D87DE-887B-B149-A295-B74DBDB28BDF}.Release|x64.ActiveCfg = Release|x64
		{E74D87DE-887B-B149-A295-B74DBDB28BDF}.Release|x64.Build.0 = Release|x64
		{E74D87DE-887B-B149-A295-B74DBDB28BDF}.Debug|Win32.ActiveCfg = Debug|Win32
		{E74D87DE-887B-B149-A295-B74DBDB28BDF}.Debug|Win32.Build.0 = Debug|Win32
		{E74D87DE-887B-B149-A295-B74DBDB28BDF}.Debug|x64.ActiveCfg = Debug|x64
		{E74D87DE-887B-B149-A295-B74DBDB28BDF}.Debug|x64.Build.0 = Debug|x64
		{98FDB3B1-725E-D842-A705-4DBDB045A41F}.Release|Win32.ActiveCfg = Release|Win32
		{98FDB3B1-725E-D842-A705-4DBDB045A41F}.Release|Win32.Build.0 = Release|Win32
		{98FDB3B1-725E-D842-A705-4DBDB045A41F}.Release|x64.ActiveCfg = Release|x64
		{98FDB3B1-725E-D842-A705-4DBDB045A41F}.Release|x64.Build.0 = Release|x64
		{98FDB3B1-725E-D842-A705-4DBDB045A41F}.Debug|Win32.ActiveCfg = Debug|Win32
		{98FDB3B1-725E-D842-A705-4DBDB045A41F}.Debug|Win32.Build.0 = Debug|Win32
		{98FDB3B1-725E-D842-A705-4DBDB045A41F}.Debug|x64.ActiveCfg = Debug|x64
		{98FDB3B1-725E-D842-A705-4DBDB045A41F}.Debug|x64.Build.0 = Debug|x64
		{B81EA122-DC29-5442-8BD3-5DBF92B32CAD}.Release|Win32.ActiveCfg = Release|Win32
		{B81EA122-DC29-5442-8BD3-5DBF92B32CAD}.Release|Win32.Build.0 = Release|Win32
		{B81EA122-DC29-5442-8BD3-5DBF92B32CAD}.Release|x64.ActiveCfg = Release|x64
		{B81EA122-DC29-5442-8BD3-5DBF92B32CAD}.Release|x64.Build.0 = Release|x64
		{B81EA122-DC29-5442-8BD3-5DBF92B32CAD}.Debug|Win32.ActiveCfg = Debug|Win32
		{B81EA122-DC29-5442-8BD3-5DBF92B32CAD}.Debug|Win32.Build.0 = Debug|Win32
		{B81EA122-DC29-5442-8BD3-5DBF92B32CAD}.Debug|x64.ActiveCfg = Debug|x64
		{B81EA122-DC29-5442-8BD3-5DBF92B32CAD}.Debug|x64.Build.0 = Debug|x64
		{AE09E4BA-E091-AA47-BF98-0DD8C6BC55D6}.Release|Win32.ActiveCfg = Release|Win32
		{AE09E4BA-E091-AA47-BF98-0DD8C6BC55D6}.Release|Win32.Build.0 = Release|Win32
		{AE09E4BA-E091-AA47-BF98-0DD8C6BC55D6}.Release|x64.ActiveCfg = Release|x64
		{AE09E4BA-E091-AA47-BF98-0DD8C6BC55D6}.Release|x64.Build.0 = Release|x64
		{AE09E4BA-E091-AA47-BF98-0DD8C6BC55D6}.Debug|Win32.ActiveCfg = Debug|Win32
		{AE09E4BA-E091-AA47-BF98-0DD8C6BC55D6}.Debug|Win32.Build.0 = Debug|Win32
		{AE09E4BA-E091-AA47-BF98-0DD8C6BC55D6}.Debug|x64.ActiveCfg = Debug|x64
		{AE09E4BA-E091-AA47-BF98-0DD8C6BC55D6}.Debug|x64.Build.0 = Debug|x64
		{0AF26500-5BF7-1842-A3F2-360F40D6DF7E}.Release|Win32.ActiveCfg = Release|Win32
		{0AF26500-5BF7-1842-A3F2-360F40D6DF7E}.Release|Win32.Build.0 = Release|Win32
		{0AF26500-5BF7-1842-A3F2-360F40D6DF7E}.Release|x64.ActiveCfg = Release|x64
		{0AF26500-5BF7-1842-A3F2-360F40D6DF7E}.Release|x64.Build.0 = Release|x64
		{0AF26500-5BF7-1842-A3F2-360F40D6DF7E}.Debug|Win32.ActiveCfg = Debug|Win32
		{0AF26500-5BF7-1842-A3F2-360F40D6DF7E}.Debug|Win32.Build.0 = Debug|Win32
		{0AF26500-5BF7-1842-A3F2-360F40D6DF7E}.Debug|x64.ActiveCfg = Debug|x64
		{0AF26500-5BF7-1842-A3F2-360F40D6DF7E}.Debug|x64.Build.0 = Debug|x64
		{085094E6-652F-844C-994C-A4F370D30947}.Release|Win32.ActiveCfg = Release|Win32
		{085094E6-652F-844C-994C-A4F370D30947}.Release|Win32.Build.0 = Release|Win32
		{085094E6-652F-844C-994C-A4F370D30947}.Release|x64.ActiveCfg = Release|x64
		{085094E6-652F-844C-994C-A4F370D30947}.Release|x64.Build.0 = Release|x64
		{085094E6-652F-844C-994C-A4F370D30947}.Debug|Win32.ActiveCfg = Debug|Win32
		{085094E6-652F-844C-994C-A4F370D30947}.Debug|Win32.Build.0 = Debug|Win32
		{085094E6-652F-844C-994C-A4F370D30947}.Debug|x64.ActiveCfg = Debug|x64
		{085094E6-652F-844C-994C-A4F370D30947}.Debug|x64.Build.0 = Debug|x64
		{00B30034-FF1A-814F-84ED-9C0E9BA71FC3}.Release|Win32.ActiveCfg = Release|Win32
		{00B30034-FF1A-814F-84ED-9C0E9BA71FC3}.Release|Win32.Build.0 = Release|Win32
		{00B30034-FF1A-814F-84ED-9C0E9BA71FC3}.Release|x64.ActiveCfg = Release|x64
		{00B30034-FF1A-814F-84ED-9C0E9BA71FC3}.Release|x64.Build.0 = Release|x64
		{00B30034-FF1A-814F-84ED-9C0E9BA71FC3}.Debug|Win32.ActiveCfg = Debug|Win32
		{00B30034-FF1A-814F-84ED-9C0E9BA71FC3}.Debug|Win32.Build.0 = Debug|Win32
		{00B30034-FF1A-814F-84ED-9C0E9BA71FC3}.Debug|x64.ActiveCfg = Debug|x64
		{00B30034-FF1A-814F-84ED-9C0E9BA71FC3}.Debug|x64.Build.0 = Debug|x64
		{9E5AD9E4-1D4B-CA43-A186-524E40D924C0}.Release|Win32.ActiveCfg = Release|Win32
		{9E5AD9E4-1D4B-CA43-A186-524E40D924C0}.Release|Win32.Build.0 = Release|Win32
		{9E5AD9E4-1D4B-CA43-A186-524E40D924C0}.Release|x64.ActiveCfg = Release|x64
		{9E5AD9E4-1D4B-CA43-A186-524E40D924C0}.Release|x64.Build.0 = Release|x64
		{9E5AD9E4-1D4B-CA43-A186-524E40D924C0}.Debug|Win32.ActiveCfg = Debug|Win32
		{9E5AD9E4-1D4B-CA43-A186-524E40D924C0}.Debug|Win32.Build.0 = Debug|Win32
		{9E5AD9E4-1D4B-CA43-A186-524E40D924C0}.Debug|x64.ActiveCfg = Debug|x64
		{9E5AD9E4-1D4B-CA43-A186-524E40D924C0}.Debug|x64.Build.0 = Debug|x64
		{10CB95FF-57AB-F04B-A629-40514B692352}.Release|Win32.ActiveCfg = Release|Win32
		{10CB95FF-57AB-F04B-A629-40514B692352}.Release|Win32.Build.0 = Release|Win32
		{10CB95FF-57AB-F04B-A629-40514B692352}.Release|x64.ActiveCfg = Release|x64
		{10CB95FF-57AB-F04B-A629-40514B692352}.Release|x64.Build.0 = Release|x64
		{10CB95FF-57AB-F04B-A629-40514B692352}.Debug|Win32.ActiveCfg = Debug|Win32
		{10CB95FF-57AB-F04B-A629-40514B692352}.Debug|Win32.Build.0 = Debug|Win32
		{10CB95FF-57AB-F04B-A629-40514B692352}.Debug|x64.ActiveCfg = Debug|x64
		{10CB95FF-57AB-F04B-A629-40514B692352}.Debug|x64.Build.0 = Debug|x64
		{5EFFC933-A270-1C48-9E4F-1F20A6FAFDF4}.Release|Win32.ActiveCfg = Release|Win32
		{5EFFC933-A270-1C48-9E4F-1F20A6FAFDF4}.Release|Win32.Build.0 = Release|Win32
		{5EFFC933-A270-1C48-9E4F-1F20A6FAFDF4}.Release|x64.ActiveCfg = Release|x64
		{5EFFC933-A270-1C48-9E4F-1F20A6FAFDF4}.Release|x64.Build.0 = Release|x64
		{5EFFC933-A270-1C48-9E4F-1F20A6FAFDF4}.Debug|Win32.ActiveCfg = Debug|Win32
		{5EFFC933-A270-1C48-9E4F-1F20A6FAFDF4}.Debug|Win32.Build.0 = Debug|Win32
		{5EFFC933-A270-1C48-9E4F-1F20A6FAFDF4}.Debug|x64.ActiveCfg = Debug|x64
		{5EFFC933-A270-1C48-9E4F-1F20A6FAFDF4}.Debug|x64.Build.0 = Debug|x64
		{2715B13E-DDF8-BA4B-9BEB-7EAF6AEC79A5}.Release|Win32.ActiveCfg = Release|Win32
		{2715B13E-DDF8-BA4B-9BEB-7EAF6AEC79A5}.Release|Win32.Build.0 = Release|Win32
		{2715B13E-DDF8-BA4B-9BEB-7EAF6AEC79A5}.Release|x64.ActiveCfg = Release|x64
		{2715B13E-DDF8-BA4B-9BEB-7EAF6AEC79A5}.Release|x64.Build.0 = Release|x64
		{2715B13E-DDF8-BA4B-9BEB-7EAF6AEC79A5}.Debug|Win32.ActiveCfg = Debug|Win32
		{2715B13E-DDF8-BA4B-9BEB-7EAF6AEC79A5}.Debug|Win32.Build.0 = Debug|Win32
		{2715B13E-DDF8-BA4B-9BEB-7EAF6AEC79A5}.Debug|x64.ActiveCfg = Debug|x64
		{2715B13E-DDF8-BA4B-9BEB-7EAF6AEC79A5}.Debug|x64.Build.0 = Debug|x64
		{0DD23D53-A4C3-2D4A-A77B-8E6C2DE81C5D}.Release|Win32.ActiveCfg = Release|Win32
		{0DD23D53-A4C3-2D4A-A77B-8E6C2DE81C5D}.Release|Win32.Build.0 = Release|Win32
		{0DD23D53-A4C3-2D4A-A77B-8E6C2DE81C5D}.Release|x64.ActiveCfg = Release|x64
		{0DD23D53-A4C3-2D4A-A77B-8E6C2DE81C5D}.Release|x64.Build.0 = Release|x64
		{0DD23D53-A4C3-2D4A-A77B-8E6C2DE81C5D}.Debug|Win32.ActiveCfg = Debug|Win32
		{0DD23D53-A4C3-2D4A-A77B-8E6C2DE81C5D}.Debug|Win32.Build.0 = Debug|Win32
		{0DD23D53-A4C3-2D4A-A77B-8E6C2DE81C5D}.Debug|x64.ActiveCfg = Debug|x64
		{0DD23D53-A4C3-2D4A-A77B-8E6C2DE81C5D}.Debug|x64.Build.0 = Debug|x64
		{EF3291EB-FC2C-0A4A-856B-85E8439406DE}.Release|Win32.ActiveCfg = Release|Win32
		{EF3291EB-FC2C-0A4A-856B-85E8439406DE}.Release|Win32.Build.0 = Release|Win32
		{EF3291EB-FC2C-0A4A-856B-85E8439406DE}.Release|x64.ActiveCfg = Release|x64
		{EF3291EB-FC2C-0A4A-856B-85E8439406DE}.Release|x64.Build.0 = Release|x64
		{EF3291EB-FC2C-0A4A-856B-85E8439406DE}.Debug|Win32.ActiveCfg = Debug|Win32
		{EF3291EB-FC2C-0A4A-856B-85E8439406DE}.Debug|Win32.Build.0 = Debug|Win32
		{EF3291EB-FC2C-0A4A-856B-85E8439406DE}.Debug|x64.ActiveCfg = Debug|x64
		{EF3291EB-FC2C-0A4A-856B-85E8439406DE}.Debug|x64.Build.0 = Debug|x64
		{53C86200-7B61-5D43-98E1-E28B8AF920DF}.Release|Win32.ActiveCfg = Release|Win32
		{53C86200-7B61-5D43-98E1-E28B8AF920DF}.Release|Win32.Build.0 = Release|Win32
		{53C86200-7B61-5D43-98E1-E28B8AF920DF}.Release|x64.ActiveCfg = Release|x64
		{53C86200-7B61-5D43-98E1-E28B8AF920DF}.Release|x64.Build.0 = Release|x64
		{53C86200-7B61-5D43-98E1-E28B8AF920DF}.Debug|Win32.ActiveCfg = Debug|Win32
		{53C86200-7B61-5D43-98E1-E28B8AF920DF}.Debug|Win32.Build.0 = Debug|Win32
		{53C86200-7B61-5D43-98E1-E28B8AF920DF}.Debug|x64.ActiveCfg = Debug|x64
		{53C86200-7B61-5D43-98E1-E28B8AF920DF}.Debug|x64.Build.0 = Debug|x64
		{E7B4E3BD-2F70-534E-BE0E-8E54250032B9}.Release|Win32.ActiveCfg = Release|Win32
		{E7B4E3BD-2F70-534E-BE0E-8E54250032B9}.Release|Win32.Build.0 = Release|Win32
		{E7B4E3BD-2F70-534E-BE0E-8E54250032B9}.Release|x64.ActiveCfg = Release|x64
		{E7B4E3BD-2F70-534E-BE0E-8E54250032B9}.Release|x64.Build.0 = Release|x64
		{E7B4E3BD-2F70-534E-BE0E-8E54250032B9}.Debug|Win32.ActiveCfg = Debug|Win32
		{E7B4E3BD-2F70-534E-BE0E-8E54250032B9}.Debug|Win32.Build.0 = Debug|Win32
		{E7B4E3BD-2F70-534E-BE0E-8E54250032B9}.Debug|x64.ActiveCfg = Debug|x64
		{E7B4E3BD-2F70-534E-BE0E-8E54250032B9}.Debug|x64.Build.0 = Debug|x64
		{C9E2A0E0-3AB2-964A-A3B8-EF3E216B3D6A}.Release|Win32.ActiveCfg = Release|Win32
		{C9E2A0E0-3AB2-964A-A3B8-EF3E216B3D6A}.Release|Win32.Build.0 = Release|Win32
		{C9E2A0E0-3AB2-964A-A3B8-EF3E216B3D6A}.Release|x64.ActiveCfg = Release|x64
		{C9E2A0E0-3AB2-964A-A3B8-EF3E216B3D6A}.Release|x64.Build.0 = Release|x64
		{C9E2A0E0-3AB2-964A-A3B8-EF3E216B3D6A}.Debug|Win32.ActiveCfg = Debug|Win32
		{C9E2A0E0-3AB2-964A-A3B8-EF3E216B3D6A}.Debug|Win32.Build.0 = Debug|Win32
		{C9E2A0E0-3AB2-964A-A3B8-EF3E216B3D6A}.Debug|x64.ActiveCfg = Debug|x64
		{C9E2A0E0-3AB2-964A-A3B8-EF3E216B3D6A}.Debug|x64.Build.0 = Debug|x64
		{B0E5A04E-3209-3047-B408-59C9FBECC5BC}.Release|Win32.ActiveCfg = Release|Win32
		{B0E5A04E-3209-3047-B408-59C9FBECC5BC}.Release|Win32.Build.0 = Release|Win32
		{B0E5A04E-3209-3047-B408-59C9FBECC5BC}.Release|x64.ActiveCfg = Release|x64
		{B0E5A04E-3209-3047-B408-59C9FBECC5BC}.Release|x64.Build.0 = Release|x64
		{B0E5A04E-3209-3047-B408-59C9FBECC5BC}.Debug|Win32.ActiveCfg = Debug|Win32
		{B0E5A04E-3209-3047-B408-59C9FBECC5BC}.Debug|Win32.Build.0 = Debug|Win32
		{B0E5A04E-3209-3047-B408-59C9FBECC5BC}.Debug|x64.ActiveCfg = Debug|x64
		{B0E5A04E-3209-3047-B408-59C9FBECC5BC}.Debug|x64.Build.0 = Debug|x64
		{80156846-5057-9342-ADB2-D38DF8CA25BB}.Release|Win32.ActiveCfg = Release|Win32
		{80156846-5057-9342-ADB2-D38DF8CA25BB}.Release|Win32.Build.0 = Release|Win32
		{80156846-5057-9342-ADB2-D38DF8CA25BB}.Release|x64.ActiveCfg = Release|x64
		{80156846-5057-9342-ADB2-D38DF8CA25BB}.Release|x64.Build.0 = Release|x64
		{80156846-5057-9342-ADB2-D38DF8CA25BB}.Debug|Win32.ActiveCfg = Debug|Win32
		{80156846-5057-9342-ADB2-D38DF8CA25BB}.Debug|Win32.Build.0 = Debug|Win32
		{80156846-5057-9342-ADB2-D38DF8CA25BB}.Debug|x64.ActiveCfg = Debug|x64
		{80156846-5057-9342-ADB2-D38DF8CA25BB}.Debug|x64.Build.0 = Debug|x64
		{CA86E790-6E2E-B748-BA28-C81A920A19C4}.Release|Win32.ActiveCfg = Release|Win32
		{CA86E790-6E2E-B748-BA28-C81A920A19C4}.Release|Win32.Build.0 = Release|Win32
		{CA86E790-6E2E-B748-BA28-C81A920A19C4}.Release|x64.ActiveCfg = Release|x64
		{CA86E790-6E2E-B748-BA28-C81A920A19C4}.Release|x64.Build.0 = Release|x64
		{CA86E790-6E2E-B748-BA28-C81A920A19C4}.Debug|Win32.ActiveCfg = Debug|Win32
		{CA86E790-6E2E-B748-BA28-C81A920A19C4}.Debug|Win32.Build.0 = Debug|Win32
		{CA86E790-6E2E-B748-BA28-C81A920A19C4}.Debug|x64.ActiveCfg = Debug|x64
		{CA86E790-6E2E-B748-BA28-C81A920A19C4}.Debug|x64.Build.0 = Debug|x64
		{4F53B566-E9EF-B449-BED6-FACC7BAC2B99}.Release|Win32.ActiveCfg = Release|Win32
		{4F53B566-E9EF-B449-BED6-FACC7BAC2B99}.Release|Win32.Build.0 = Release|Win32
		{4F53B566-E9EF-B449-BED6-FACC7BAC2B99}.Release|x64.ActiveCfg = Release|x64
		{4F53B566-E9EF-B449-BED6-FACC7BAC2B99}.Release|x64.Build.0 = Release|x64
		{4F53B566-E9EF-B449-BED6-FACC7BAC2B99}.Debug|Win32.ActiveCfg = Debug|Win32
		{4F53B566-E9EF-B449-BED6-FACC7BAC2B99}.Debug|Win32.Build.0 = Debug|Win32
		{4F53B566-E9EF-B449-BED6-FACC7BAC2B99}.Debug|x64.ActiveCfg = Debug|x64
		{4F53B566-E9EF-B449-BED6-FACC7BAC2B99}.Debug|x64.Build.0 = Debug|x64
		{5F8ADC83-D5C6-9146-B46E-1FB2FA1A02FA}.Release|Win32.ActiveCfg = Release|Win32
		{5F8ADC83-D5C6-9146-B46E-1FB2FA1A02FA}.Release|Win32.Build.0 = Release|Win32
		{5F8ADC83-D5C6-9146-B46E-1FB2FA1A02FA}.Release|x64.ActiveCfg = Release|x64
		{5F8ADC83-D5C6-9146-B46E-1FB2FA1A02FA}.Release|x64.Build.0 = Release|x64
		{5F8ADC83-D5C6-9146-B46E-1FB2FA1A02FA}.Debug|Win32.ActiveCfg = Debug|Win32
		{5F8ADC83-D5C6-9146-B46E-1FB2FA1A02FA}.Debug|Win32.Build.0 = Debug|Win32
		{5F8ADC83-D5C6-9146-B46E-1FB2FA1A02FA}.Debug|x64.ActiveCfg = Debug|x64
		{5F8ADC83-D5C6-9146-B46E-1FB2FA1A02FA}.Debug|x64.Build.0 = Debug|x64
		{BD2DF866-D5C6-7241-9146-4047BF3C971D}.Release|Win32.ActiveCfg = Release|Win32
		{BD2DF866-D5C6-7241-9146-4047BF3C971D}.Release|Win32.Build.0 = Release|Win32
		{BD2DF866-D5C6-7241-9146-4047BF3C971D}.Release|x64.ActiveCfg = Release|x64
		{BD2DF866-D5C6-7241-9146-4047BF3C971D}.Release|x64.Build.0 = Release|x64
		{BD2DF866-D5C6-7241-9146-4047BF3C971D}.Debug|Win32.ActiveCfg = Debug|Win32
		{BD2DF866-D5C6-7241-9146-4047BF3C971D}.Debug|Win32.Build.0 = Debug|Win32
		{BD2DF866-D5C6-7241-9146-4047BF3C971D}.Debug|x64.ActiveCfg = Debug|x64
		{BD2DF866-D5C6-7241-9146-4047BF3C971D}.Debug|x64.Build.0 = Debug|x64
		{3B300178-84D2-234C-895B-B2AC1E43820B}.Release|Win32.ActiveCfg = Release|Win32
		{3B300178-84D2-234C-895B-B2AC1E43820B}.Release|Win32.Build.0 = Release|Win32
		{3B300178-84D2-234C-895B-B2AC1E43820B}.Release|x64.ActiveCfg = Release|x64
		{3B300178-84D2-234C-895B-B2AC1E43820B}.Release|x64.Build.0 = Release|x64
		{3B300178-84D2-234C-895B-B2AC1E43820B}.Debug|Win32.ActiveCfg = Debug|Win32
		{3B300178-84D2-234C-895B-B2AC1E43820B}.Debug|Win32.Build.0 = Debug|Win32
		{3B300178-84D2-234C-895B-B2AC1E43820B}.Debug|x64.ActiveCfg = Debug|x64
		{3B300178-84D2-234C-895B-B2AC1E43820B}.Debug|x64.Build.0 = Debug|x64
		{3901ED41-82F2-FE41-B581-1893D752E629}.Release|Win32.ActiveCfg = Release|Win32
		{3901ED41-82F2-FE41-B581-1893D752E629}.Release|Win32.Build.0 = Release|Win32
		{3901ED41-82F2-FE41-B581-1893D752E629}.Release|x64.ActiveCfg = Release|x64
		{3901ED41-82F2-FE41-B581-1893D752E629}.Release|x64.Build.0 = Release|x64
		{3901ED41-82F2-FE41-B581-1893D752E629}.Debug|Win32.ActiveCfg = Debug|Win32
		{3901ED41-82F2-FE41-B581-1893D752E629}.Debug|Win32.Build.0 = Debug|Win32
		{3901ED41-82F2-FE41-B581-1893D752E629}.Debug|x64.ActiveCfg = Debug|x64
		{3901ED41-82F2-FE41-B581-1893D752E629}.Debug|x64.Build.0 = Debug|x64
		{74E4E9C3-3851-7D49-99EB-513765AFF794}.Release|Win32.ActiveCfg = Release|Win32
		{74E4E9C3-3851-7D49-99EB-513765AFF794}.Release|Win32.Build.0 = Release|Win32
		{74E4E9C3-3851-7D49-99EB-513765AFF794}.Release|x64.ActiveCfg = Release|x64
		{74E4E9C3-3851-7D49-99EB-513765AFF794}.Release|x64.Build.0 = Release|x64
		{74E4E9C3-3851-7D49-99EB-513765AFF794}.Debug|Win32.ActiveCfg = Debug|Win32
		{74E4E9C3-3851-7D49-99EB-513765AFF794}.Debug|Win32.Build.0 = Debug|Win32
		{74E4E9C3-3851-7D49-99EB-513765AFF794}.Debug|x64.ActiveCfg = Debug|x64
		{74E4E9C3-3851-7D49-99EB-513765AFF794}.Debug|x64.Build.0 = Debug|x64
		{37A58160-AC0E-E64F-99C2-20F392033875}.Release|Win32.ActiveCfg = Release|Win32
		{37A58160-AC0E-E64F-99C2-20F392033875}.Release|Win32.Build.0 = Release|Win32
		{37A58160-AC0E-E64F-99C2-20F392033875}.Release|x64.ActiveCfg = Release|x64
		{37A58160-AC0E-E64F-99C2-20F392033875}.Release|x64.Build.0 = Release|x64
		{37A58160-AC0E-E64F-99C2-20F392033875}.Debug|Win32.ActiveCfg = Debug|Win32
		{37A58160-AC0E-E64F-99C2-20F392033875}.Debug|Win32.Build.0 = Debug|Win32
		{37A58160-AC0E-E64F-99C2-20F392033875}.Debug|x64.ActiveCfg = Debug|x64
		{37A58160-AC0E-E64F-99C2-20F392033875}.Debug|x64.Build.0 = Debug|x64
		{5F44A58F-1299-E249-BD66-36D3C64E9183}.Release|Win32.ActiveCfg = Release|Win32
		{5F44A58F-1299-E249-BD66-36D3C64E9183}.Release|Win32.Build.0 = Release|Win32
		{5F44A58F-1299-E249-BD66-36D3C64E9183}.Release|x64.ActiveCfg = Release|x64
		{5F44A58F-1299-E249-BD66-36D3C64E9183}.Release|x64.Build.0 = Release|x64
		{5F44A58F-1299-E249-BD66-36D3C64E9183}.Debug|Win32.ActiveCfg = Debug|Win32
		{5F44A58F-1299-E249-BD66-36D3C64E9183}.Debug|Win32.Build.0 = Debug|Win32
		{5F44A58F-1299-E249-BD66-36D3C64E9183}.Debug|x64.ActiveCfg = Debug|x64
		{5F44A58F-1299-E249-BD66-36D3C64E9183}.Debug|x64.Build.0 = Debug|x64
		{2DDF3FFE-0295-4F42-8DB3-04A0BC6AFF62}.Release|Win32.ActiveCfg = Release|Win32
		{2DDF3FFE-0295-4F42-8DB3-04A0BC6AFF62}.Release|Win32.Build.0 = Release|Win32
		{2DDF3FFE-0295-4F42-8DB3-04A0BC6AFF62}.Release|x64.ActiveCfg = Release|x64
		{2DDF3FFE-0295-4F42-8DB3-04A0BC6AFF62}.Release|x64.Build.0 = Release|x64
		{2DDF3FFE-0295-4F42-8DB3-04A0BC6AFF62}.Debug|Win32.ActiveCfg = Debug|Win32
		{2DDF3FFE-0295-4F42-8DB3-04A0BC6AFF62}.Debug|Win32.Build.0 = Debug|Win32
		{2DDF3FFE-0295-4F42-8DB3-04A0BC6AFF62}.Debug|x64.ActiveCfg = Debug|x64
		{2DDF3FFE-0295-4F42-8DB3-04A0BC6AFF62}.Debug|x64.Build.0 = Debug|x64
		{5E8EF0B0-84DE-9848-9CFA-C502EC34943F}.Release|Win32.ActiveCfg = Release|Win32
		{5E8EF0B0-84DE-9848-9CFA-C502EC34943F}.Release|Win32.Build.0 = Release|Win32
		{5E8EF0B0-84DE-9848-9CFA-C502EC34943F}.Release|x64.ActiveCfg = Release|x64
		{5E8EF0B0-84DE-9848-9CFA-C502EC34943F}.Release|x64.Build.0 = Release|x64
		{5E8EF0B0-84DE-9848-9CFA-C502EC34943F}.Debug|Win32.ActiveCfg = Debug|Win32
		{5E8EF0B0-84DE-9848-9CFA-C502EC34943F}.Debug|Win32.Build.0 = Debug|Win32
		{5E8EF0B0-84DE-9848-9CFA-C502EC34943F}.Debug|x64.ActiveCfg = Debug|x64
		{5E8EF0B0-84DE-9848-9CFA-C502EC34943F}.Debug|x64.Build.0 = Debug|x64
		{8A4133EB-DA4D-5B4B-8470-8BB0404EBAE9}.Release|Win32.ActiveCfg = Release|Win32
		{8A4133EB-DA4D-5B4B-8470-8BB0404EBAE9}.Release|Win32.Build.0 = Release|Win32
		{8A4133EB-DA4D-5B4B-8470-8BB0404EBAE9}.Release|x64.ActiveCfg = Release|x64
		{8A4133EB-DA4D-5B4B-8470-8BB0404EBAE9}.Release|x64.Build.0 = Release|x64
		{8A4133EB-DA4D-5B4B-8470-8BB0404EBAE9}.Debug|Win32.ActiveCfg = Debug|Win32
		{8A4133EB-DA4D-5B4B-8470-8BB0404EBAE9}.Debug|Win32.Build.0 = Debug|Win32
		{8A4133EB-DA4D-5B4B-8470-8BB0404EBAE9}.Debug|x64.ActiveCfg = Debug|x64
		{8A4133EB-DA4D-5B4B-8470-8BB0404EBAE9}.Debug|x64.Build.0 = Debug|x64
		{DBA7F4EE-6322-9743-9991-BA0B16CFDEBE}.Release|Win32.ActiveCfg = Release|Win32
		{DBA7F4EE-6322-9743-9991-BA0B16CFDEBE}.Release|Win32.Build.0 = Release|Win32
		{DBA7F4EE-6322-9743-9991-BA0B16CFDEBE}.Release|x64.ActiveCfg = Release|x64
		{DBA7F4EE-6322-9743-9991-BA0B16CFDEBE}.Release|x64.Build.0 = Release|x64
		{DBA7F4EE-6322-9743-9991-BA0B16CFDEBE}.Debug|Win32.ActiveCfg = Debug|Win32
		{DBA7F4EE-6322-9743-9991-BA0B16CFDEBE}.Debug|Win32.Build.0 = Debug|Win32
		{DBA7F4EE-6322-9743-9991-BA0B16CFDEBE}.Debug|x64.ActiveCfg = Debug|x64
		{DBA7F4EE-6322-9743-9991-BA0B16CFDEBE}.Debug|x64.Build.0 = Debug|x64
		{713212CD-3788-E948-8A89-CEA5BC42F811}.Release|Win32.ActiveCfg = Release|Win32
		{713212CD-3788-E948-8A89-CEA5BC42F811}.Release|Win32.Build.0 = Release|Win32
		{713212CD-3788-E948-8A89-CEA5BC42F811}.Release|x64.ActiveCfg = Release|x64
		{713212CD-3788-E948-8A89-CEA5BC42F811}.Release|x64.Build.0 = Release|x64
		{713212CD-3788-E948-8A89-CEA5BC42F811}.Debug|Win32.ActiveCfg = Debug|Win32
		{713212CD-3788-E948-8A89-CEA5BC42F811}.Debug|Win32.Build.0 = Debug|Win32
		{713212CD-3788-E948-8A89-CEA5BC42F811}.Debug|x64.ActiveCfg = Debug|x64
		{713212CD-3788-E948-8A89-CEA5BC42F811}.Debug|x64.Build.0 = Debug|x64
		{10AC6B6D-9E72-8E4A-8343-77BA0B3AF57C}.Release|Win32.ActiveCfg = Release|Win32
		{10AC6B6D-9E72-8E4A-8343-77BA0B3AF57C}.Release|Win32.Build.0 = Release|Win32
		{10AC6B6D-9E72-8E4A-8343-77BA0B3AF57C}.Release|x64.ActiveCfg = Release|x64
		{10AC6B6D-9E72-8E4A-8343-77BA0B3AF57C}.Release|x64.Build.0 = Release|x64
		{10AC6B6D-9E72-8E4A-8343-77BA0B3AF57C}.Debug|Win32.ActiveCfg = Debug|Win32
		{10AC6B6D-9E72-8E4A-8343-77BA0B3AF57C}.Debug|Win32.Build.0 = Debug|Win32
		{10AC6B6D-9E72-8E4A-8343-77BA0B3AF57C}.Debug|x64.ActiveCfg = Debug|x64
		{10AC6B6D-9E72-8E4A-8343-77BA0B3AF57C}.Debug|x64.Build.0 = Debug|x64
		{716BB4B6-8643-3847-93C2-5968467471F0}.Release|Win32.ActiveCfg = Release|Win32
		{716BB4B6-8643-3847-93C2-5968467471F0}.Release|Win32.Build.0 = Release|Win32
		{716BB4B6-8643-3847-93C2-5968467471F0}.Release|x64.ActiveCfg = Release|x64
		{716BB4B6-8643-3847-93C2-5968467471F0}.Release|x64.Build.0 = Release|x64
		{716BB4B6-8643-3847-93C2-5968467471F0}.Debug|Win32.ActiveCfg = Debug|Win32
		{716BB4B6-8643-3847-93C2-5968467471F0}.Debug|Win32.Build.0 = Debug|Win32
		{716BB4B6-8643-3847-93C2-5968467471F0}.Debug|x64.ActiveCfg = Debug|x64
		{716BB4B6-8643-3847-93C2-5968467471F0}.Debug|x64.Build.0 = Debug|x64
		{40F4EFF7-1DE9-D147-804A-4834E63F311E}.Release|Win32.ActiveCfg = Release|Win32
		{40F4EFF7-1DE9-D147-804A-4834E63F311E}.Release|Win32.Build.0 = Release|Win32
		{40F4EFF7-1DE9-D147-804A-4834E63F311E}.Release|x64.ActiveCfg = Release|x64
		{40F4EFF7-1DE9-D147-804A-4834E63F311E}.Release|x64.Build.0 = Release|x64
		{40F4EFF7-1DE9-D147-804A-4834E63F311E}.Debug|Win32.ActiveCfg = Debug|Win32
		{40F4EFF7-1DE9-D147-804A-4834E63F311E}.Debug|Win32.Build.0 = Debug|Win32
		{40F4EFF7-1DE9-D147-804A-4834E63F311E}.Debug|x64.ActiveCfg = Debug|x64
		{40F4EFF7-1DE9-D147-804A-4834E63F311E}.Debug|x64.Build.0 = Debug|x64
		{9685F0E6-A7E0-F748-9031-0C6F52171CCD}.Release|Win32.ActiveCfg = Release|Win32
		{9685F0E6-A7E0-F748-9031-0C6F52171CCD}.Release|Win32.Build.0 = Release|Win32
		{9685F0E6-A7E0-F748-9031-0C6F52171CCD}.Release|x64.ActiveCfg = Release|x64
		{9685F0E6-A7E0-F748-9031-0C6F52171CCD}.Release|x64.Build.0 = Release|x64
		{9685F0E6-A7E0-F748-9031-0C6F52171CCD}.Debug|Win32.ActiveCfg = Debug|Win32
		{9685F0E6-A7E0-F748-9031-0C6F52171CCD}.Debug|Win32.Build.0 = Debug|Win32
		{9685F0E6-A7E0-F748-9031-0C6F52171CCD}.Debug|x64.ActiveCfg = Debug|x64
		{9685F0E6-A7E0-F748-9031-0C6F52171CCD}.Debug|x64.Build.0 = Debug|x64
		{DC6FCFED-7FA9-CA4A-9338-877490CF3BB8}.Release|Win32.ActiveCfg = Release|Win32
		{DC6FCFED-7FA9-CA4A-9338-877490CF3BB8}.Release|Win32.Build.0 = Release|Win32
		{DC6FCFED-7FA9-CA4A-9338-877490CF3BB8}.Release|x64.ActiveCfg = Release|x64
		{DC6FCFED-7FA9-CA4A-9338-877490CF3BB8}.Release|x64.Build.0 = Release|x64
		{DC6FCFED-7FA9-CA4A-9338-877490CF3BB8}.Debug|Win32.ActiveCfg = Debug|Win32
		{DC6FCFED-7FA9-CA4A-9338-877490CF3BB8}.Debug|Win32.Build.0 = Debug|Win32
		{DC6FCFED-7FA9-CA4A-9338-877490CF3BB8}.Debug|x64.ActiveCfg = Debug|x64
		{DC6FCFED-7FA9-CA4A-9338-877490CF3BB8}.Debug|x64.Build.0 = Debug|x64
		{6B66B64D-C822-3B49-89F8-D03C32FDECF2}.Release|Win32.ActiveCfg = Release|Win32
		{6B66B64D-C822-3B49-89F8-D03C32FDECF2}.Release|Win32.Build.0 = Release|Win32
		{6B66B64D-C822-3B49-89F8-D03C32FDECF2}.Release|x64.ActiveCfg = Release|x64
		{6B66B64D-C822-3B49-89F8-D03C32FDECF2}.Release|x64.Build.0 = Release|x64
		{6B66B64D-C822-3B49-89F8-D03C32FDECF2}.Debug|Win32.ActiveCfg = Debug|Win32
		{6B66B64D-C822-3B49-89F8-D03C32FDECF2}.Debug|Win32.Build.0 = Debug|Win32
		{6B66B64D-C822-3B49-89F8-D03C32FDECF2}.Debug|x64.ActiveCfg = Debug|x64
		{6B66B64D-C822-3B49-89F8-D03C32FDECF2}.Debug|x64.Build.0 = Debug|x64
		{F6804E1F-4405-E245-A193-9B11123F256A}.Release|Win32.ActiveCfg = Release|Win32
		{F6804E1F-4405-E245-A193-9B11123F256A}.Release|Win32.Build.0 = Release|Win32
		{F6804E1F-4405-E245-A193-9B11123F256A}.Release|x64.ActiveCfg = Release|x64
		{F6804E1F-4405-E245-A193-9B11123F256A}.Release|x64.Build.0 = Release|x64
		{F6804E1F-4405-E245-A193-9B11123F256A}.Debug|Win32.ActiveCfg = Debug|Win32
		{F6804E1F-4405-E245-A193-9B11123F256A}.Debug|Win32.Build.0 = Debug|Win32
		{F6804E1F-4405-E245-A193-9B11123F256A}.Debug|x64.ActiveCfg = Debug|x64
		{F6804E1F-4405-E245-A193-9B11123F256A}.Debug|x64.Build.0 = Debug|x64
		{D7B9CBB5-202B-3A4F-B673-2E2A1FB91D52}.Release|Win32.ActiveCfg = Release|Win32
		{D7B9CBB5-202B-3A4F-B673-2E2A1FB91D52}.Release|Win32.Build.0 = Release|Win32
		{D7B9CBB5-202B-3A4F-B673-2E2A1FB91D52}.Release|x64.ActiveCfg = Release|x64
		{D7B9CBB5-202B-3A4F-B673-2E2A1FB91D52}.Release|x64.Build.0 = Release|x64
		{D7B9CBB5-202B-3A4F-B673-2E2A1FB91D52}.Debug|Win32.ActiveCfg = Debug|Win32
		{D7B9CBB5-202B-3A4F-B673-2E2A1FB91D52}.Debug|Win32.Build.0 = Debug|Win32
		{D7B9CBB5-202B-3A4F-B673-2E2A1FB91D52}.Debug|x64.ActiveCfg = Debug|x64
		{D7B9CBB5-202B-3A4F-B673-2E2A1FB91D52}.Debug|x64.Build.0 = Debug|x64
		{6EB14FF6-B5E4-A54F-8DF9-7E6D10671F71}.Release|Win32.ActiveCfg = Release|Win32
		{6EB14FF6-B5E4-A54F-8DF9-7E6D10671F71}.Release|Win32.Build.0 = Release|Win32
		{6EB14FF6-B5E4-A54F-8DF9-7E6D10671F71}.Release|x64.ActiveCfg = Release|x64
		{6EB14FF6-B5E4-A54F-8DF9-7E6D10671F71}.Release|x64.Build.0 = Release|x64
		{6EB14FF6-B5E4-A54F-8DF9-7E6D10671F71}.Debug|Win32.ActiveCfg = Debug|Win32
		{6EB14FF6-B5E4-A54F-8DF9-7E6D10671F71}.Debug|Win32.Build.0 = Debug|Win32
		{6EB14FF6-B5E4-A54F-8DF9-7E6D10671F71}.Debug|x64.ActiveCfg = Debug|x64
		{6EB14FF6-B5E4-A54F-8DF9-7E6D10671F71}.Debug|x64.Build.0 = Debug|x64
		{5E8ADD94-977B-914B-A22E-438261E91D19}.Release|Win32.ActiveCfg = Release|Win32
		{5E8ADD94-977B-914B-A22E-438261E91D19}.Release|Win32.Build.0 = Release|Win32
		{5E8ADD94-977B-914B-A22E-438261E91D19}.Release|x64.ActiveCfg = Release|x64
		{5E8ADD94-977B-914B-A22E-438261E91D19}.Release|x64.Build.0 = Release|x64
		{5E8ADD94-977B-914B-A22E-438261E91D19}.Debug|Win32.ActiveCfg = Debug|Win32
		{5E8ADD94-977B-914B-A22E-438261E91D19}.Debug|Win32.Build.0 = Debug|Win32
		{5E8ADD94-977B-914B-A22E-438261E91D19}.Debug|x64.ActiveCfg = Debug|x64
		{5E8ADD94-977B-914B-A22E-438261E91D19}.Debug|x64.Build.0 = Debug|x64
		{36B3D2AA-6A78-B34F-8067-A90352107DF3}.Release|Win32.ActiveCfg = Release|Win32
		{36B3D2AA-6A78-B34F-8067-A90352107DF3}.Release|Win32.Build.0 = Release|Win32
		{36B3D2AA-6A78-B34F-8067-A90352107DF3}.Release|x64.ActiveCfg = Release|x64
		{36B3D2AA-6A78-B34F-8067-A90352107DF3}.Release|x64.Build.0 = Release|x64
		{36B3D2AA-6A78-B34F-8067-A90352107DF3}.Debug|Win32.ActiveCfg = Debug|Win32
		{36B3D2AA-6A78-B34F-8067-A90352107DF3}.Debug|Win32.Build.0 = Debug|Win32
		{36B3D2AA-6A78-B34F-8067-A90352107DF3}.Debug|x64.ActiveCfg = Debug|x64
		{36B3D2AA-6A78-B34F-8067-A90352107DF3}.Debug|x64.Build.0 = Debug|x64
		{992E3397-1D90-B64B-B9B4-020A16268F79}.Release|Win32.ActiveCfg = Release|Win32
		{992E3397-1D90-B64B-B9B4-020A16268F79}.Release|Win32.Build.0 = Release|Win32
		{992E3397-1D90-B64B-B9B4-020A16268F79}.Release|x64.ActiveCfg = Release|x64
		{992E3397-1D90-B64B-B9B4-020A16268F79}.Release|x64.Build.0 = Release|x64
		{992E3397-1D90-B64B-B9B4-020A16268F79}.Debug|Win32.ActiveCfg = Debug|Win32
		{992E3397-1D90-B64B-B9B4-020A16268F79}.Debug|Win32.Build.0 = Debug|Win32
		{992E3397-1D90-B64B-B9B4-020A16268F79}.Debug|x64.ActiveCfg = Debug|x64
		{992E3397-1D90-B64B-B9B4-020A16268F79}.Debug|x64.Build.0 = Debug|x64
		{7893BAB7-2D5D-C74F-90A5-FC1766660EEC}.Release|Win32.ActiveCfg = Release|Win32
		{7893BAB7-2D5D-C74F-90A5-FC1766660EEC}.Release|Win32.Build.0 = Release|Win32
		{7893BAB7-2D5D-C74F-90A5-FC1766660EEC}.Release|x64.ActiveCfg = Release|x64
		{7893BAB7-2D5D-C74F-90A5-FC1766660EEC}.Release|x64.Build.0 = Release|x64
		{7893BAB7-2D5D-C74F-90A5-FC1766660EEC}.Debug|Win32.ActiveCfg = Debug|Win32
		{7893BAB7-2D5D-C74F-90A5-FC1766660EEC}.Debug|Win32.Build.0 = Debug|Win32
		{7893BAB7-2D5D-C74F-90A5-FC1766660EEC}.Debug|x64.ActiveCfg = Debug|x64
		{7893BAB7-2D5D-C74F-90A5-FC1766660EEC}.Debug|x64.Build.0 = Debug|x64
		{D43DA78D-60A8-E849-8044-31BA1001125D}.Release|Win32.ActiveCfg = Release|Win32
		{D43DA78D-60A8-E849-8044-31BA1001125D}.Release|Win32.Build.0 = Release|Win32
		{D43DA78D-60A8-E849-8044-31BA1001125D}.Release|x64.ActiveCfg = Release|x64
		{D43DA78D-60A8-E849-8044-31BA1001125D}.Release|x64.Build.0 = Release|x64
		{D43DA78D-60A8-E849-8044-31BA1001125D}.Debug|Win32.ActiveCfg = Debug|Win32
		{D43DA78D-60A8-E849-8044-31BA1001125D}.Debug|Win32.Build.0 = Debug|Win32
		{D43DA78D-60A8-E849-8044-31BA1001125D}.Debug|x64.ActiveCfg = Debug|x64
		{D43DA78D-60A8-E849-8044-31BA1001125D}.Debug|x64.Build.0 = Debug|x64
		{ACE42824-B2B9-9244-902F-7D032C59258A}.Release|Win32.ActiveCfg = Release|Win32
		{ACE42824-B2B9-9244-902F-7D032C59258A}.Release|Win32.Build.0 = Release|Win32
		{ACE42824-B2B9-9244-902F-7D032C59258A}.Release|x64.ActiveCfg = Release|x64
		{ACE42824-B2B9-9244-902F-7D032C59258A}.Release|x64.Build.0 = Release|x64
		{ACE42824-B2B9-9244-902F-7D032C59258A}.Debug|Win32.ActiveCfg = Debug|Win32
		{ACE42824-B2B9-9244-902F-7D032C59258A}.Debug|Win32.Build.0 = Debug|Win32
		{ACE42824-B2B9-9244-902F-7D032C59258A}.Debug|x64.ActiveCfg = Debug|x64
		{ACE42824-B2B9-9244-902F-7D032C59258A}.Debug|x64.Build.0 = Debug|x64
		{A4B77CFC-5611-3042-BE0B-004C321B2DC3}.Release|Win32.ActiveCfg = Release|Win32
		{A4B77CFC-5611-3042-BE0B-004C321B2DC3}.Release|Win32.Build.0 = Release|Win32
		{A4B77CFC-5611-3042-BE0B-004C321B2DC3}.Release|x64.ActiveCfg = Release|x64
		{A4B77CFC-5611-3042-BE0B-004C321B2DC3}.Release|x64.Build.0 = Release|x64
		{A4B77CFC-5611-3042-BE0B-004C321B2DC3}.Debug|Win32.ActiveCfg = Debug|Win32
		{A4B77CFC-5611-3042-BE0B-004C321B2DC3}.Debug|Win32.Build.0 = Debug|Win32
		{A4B77CFC-5611-3042-BE0B-004C321B2DC3}.Debug|x64.ActiveCfg = Debug|x64
		{A4B77CFC-5611-3042-BE0B-004C321B2DC3}.Debug|x64.Build.0 = Debug|x64
		{81856E37-DE7A-B045-B2CB-429DC7267C8F}.Release|Win32.ActiveCfg = Release|Win32
		{81856E37-DE7A-B045-B2CB-429DC7267C8F}.Release|Win32.Build.0 = Release|Win32
		{81856E37-DE7A-B045-B2CB-429DC7267C8F}.Release|x64.ActiveCfg = Release|x64
		{81856E37-DE7A-B045-B2CB-429DC7267C8F}.Release|x64.Build.0 = Release|x64
		{81856E37-DE7A-B045-B2CB-429DC7267C8F}.Debug|Win32.ActiveCfg = Debug|Win32
		{81856E37-DE7A-B045-B2CB-429DC7267C8F}.Debug|Win32.Build.0 = Debug|Win32
		{81856E37-DE7A-B045-B2CB-429DC7267C8F}.Debug|x64.ActiveCfg = Debug|x64
		{81856E37-DE7A-B045-B2CB-429DC7267C8F}.Debug|x64.Build.0 = Debug|x64
		{30B29C78-4CF2-C444-8057-3646FB62E775}.Release|Win32.ActiveCfg = Release|Win32
		{30B29C78-4CF2-C444-8057-3646FB62E775}.Release|Win32.Build.0 = Release|Win32
		{30B29C78-4CF2-C444-8057-3646FB62E775}.Release|x64.ActiveCfg = Release|x64
		{30B29C78-4CF2-C444-8057-3646FB62E775}.Release|x64.Build.0 = Release|x64
		{30B29C78-4CF2-C444-8057-3646FB62E775}.Debug|Win32.ActiveCfg = Debug|Win32
		{30B29C78-4CF2-C444-8057-3646FB62E775}.Debug|Win32.Build.0 = Debug|Win32
		{30B29C78-4CF2-C444-8057-3646FB62E775}.Debug|x64.ActiveCfg = Debug|x64
		{30B29C78-4CF2-C444-8057-3646FB62E775}.Debug|x64.Build.0 = Debug|x64
		{18A93CAB-D6A4-7046-B557-65E00FD6406E}.Release|Win32.ActiveCfg = Release|Win32
		{18A93CAB-D6A4-7046-B557-65E00FD6406E}.Release|Win32.Build.0 = Release|Win32
		{18A93CAB-D6A4-7046-B557-65E00FD6406E}.Release|x64.ActiveCfg = Release|x64
		{18A93CAB-D6A4-7046-B557-65E00FD6406E}.Release|x64.Build.0 = Release|x64
		{18A93CAB-D6A4-7046-B557-65E00FD6406E}.Debug|Win32.ActiveCfg = Debug|Win32
		{18A93CAB-D6A4-7046-B557-65E00FD6406E}.Debug|Win32.Build.0 = Debug|Win32
		{18A93CAB-D6A4-7046-B557-65E00FD6406E}.Debug|x64.ActiveCfg = Debug|x64
		{18A93CAB-D6A4-7046-B557-65E00FD6406E}.Debug|x64.Build.0 = Debug|x64
		{E70AB149-987A-B64E-9074-5F5B47B1899C}.Release|Win32.ActiveCfg = Release|Win32
		{E70AB149-987A-B64E-9074-5F5B47B1899C}.Release|Win32.Build.0 = Release|Win32
		{E70AB149-987A-B64E-9074-5F5B47B1899C}.Release|x64.ActiveCfg = Release|x64
		{E70AB149-987A-B64E-9074-5F5B47B1899C}.Release|x64.Build.0 = Release|x64
		{E70AB149-987A-B64E-9074-5F5B47B1899C}.Debug|Win32.ActiveCfg = Debug|Win32
		{E70AB149-987A-B64E-9074-5F5B47B1899C}.Debug|Win32.Build.0 = Debug|Win32
		{E70AB149-987A-B64E-9074-5F5B47B1899C}.Debug|x64.ActiveCfg = Debug|x64
		{E70AB149-987A-B64E-9074-5F5B47B1899C}.Debug|x64.Build.0 = Debug|x64
		{BCA047BD-1DB2-874A-AC9E-A64639E98A33}.Release|Win32.ActiveCfg = Release|Win32
		{BCA047BD-1DB2-874A-AC9E-A64639E98A33}.Release|Win32.Build.0 = Release|Win32
		{BCA047BD-1DB2-874A-AC9E-A64639E98A33}.Release|x64.ActiveCfg = Release|x64
		{BCA047BD-1DB2-874A-AC9E-A64639E98A33}.Release|x64.Build.0 = Release|x64
		{BCA047BD-1DB2-874A-AC9E-A64639E98A33}.Debug|Win32.ActiveCfg = Debug|Win32
		{BCA047BD-1DB2-874A-AC9E-A64639E98A33}.Debug|Win32.Build.0 = Debug|Win32
		{BCA047BD-1DB2-874A-AC9E-A64639E98A33}.Debug|x64.ActiveCfg = Debug|x64
		{BCA047BD-1DB2-874A-AC9E-A64639E98A33}.Debug|x64.Build.0 = Debug|x64
		{F577E418-5B5A-8344-8CFB-136E9D4609A6}.Release|Win32.ActiveCfg = Release|Win32
		{F577E418-5B5A-8344-8CFB-136E9D4609A6}.Release|Win32.Build.0 = Release|Win32
		{F577E418-5B5A-8344-8CFB-136E9D4609A6}.Release|x64.ActiveCfg = Release|x64
		{F577E418-5B5A-8344-8CFB-136E9D4609A6}.Release|x64.Build.0 = Release|x64
		{F577E418-5B5A-8344-8CFB-136E9D4609A6}.Debug|Win32.ActiveCfg = Debug|Win32
		{F577E418-5B5A-8344-8CFB-136E9D4609A6}.Debug|Win32.Build.0 = Debug|Win32
		{F577E418-5B5A-8344-8CFB-136E9D4609A6}.Debug|x64.ActiveCfg = Debug|x64
		{F577E418-5B5A-8344-8CFB-136E9D4609A6}.Debug|x64.Build.0 = Debug|x64
		{BC092FB6-3B19-0F41-B6D6-931AB4F540F3}.Release|Win32.ActiveCfg = Release|Win32
		{BC092FB6-3B19-0F41-B6D6-931AB4F540F3}.Release|Win32.Build.0 = Release|Win32
		{BC092FB6-3B19-0F41-B6D6-931AB4F540F3}.Release|x64.ActiveCfg = Release|x64
		{BC092FB6-3B19-0F41-B6D6-931AB4F540F3}.Release|x64.Build.0 = Release|x64
		{BC092FB6-3B19-0F41-B6D6-931AB4F540F3}.Debug|Win32.ActiveCfg = Debug|Win32
		{BC092FB6-3B19-0F41-B6D6-931AB4F540F3}.Debug|Win32.Build.0 = Debug|Win32
		{BC092FB6-3B19-0F41-B6D6-931AB4F540F3}.Debug|x64.ActiveCfg = Debug|x64
		{BC092FB6-3B19-0F41-B6D6-931AB4F540F3}.Debug|x64.Build.0 = Debug|x64
		{54DFC3CB-7511-FE4C-BF61-68ED65208DF9}.Release|Win32.ActiveCfg = Release|Win32
		{54DFC3CB-7511-FE4C-BF61-68ED65208DF9}.Release|Win32.Build.0 = Release|Win32
		{54DFC3CB-7511-FE4C-BF61-68ED65208DF9}.Release|x64.ActiveCfg = Release|x64
		{54DFC3CB-7511-FE4C-BF61-68ED65208DF9}.Release|x64.Build.0 = Release|x64
		{54DFC3CB-7511-FE4C-BF61-68ED65208DF9}.Debug|Win32.ActiveCfg = Debug|Win32
		{54DFC3CB-7511-FE4C-BF61-68ED65208DF9}.Debug|Win32.Build.0 = Debug|Win32
		{54DFC3CB-7511-FE4C-BF61-68ED65208DF9}.Debug|x64.ActiveCfg = Debug|x64
		{54DFC3CB-7511-FE4C-BF61-68ED65208DF9}.Debug|x64.Build.0 = Debug|x64
		{644778F0-077A-BE47-94AF-43D3FA41CED6}.Release|Win32.ActiveCfg = Release|Win32
		{644778F0-077A-BE47-94AF-43D3FA41CED6}.Release|Win32.Build.0 = Release|Win32
		{644778F0-077A-BE47-94AF-43D3FA41CED6}.Release|x64.ActiveCfg = Release|x64
		{644778F0-077A-BE47-94AF-43D3FA41CED6}.Release|x64.Build.0 = Release|x64
		{644778F0-077A-BE47-94AF-43D3FA41CED6}.Debug|Win32.ActiveCfg = Debug|Win32
		{644778F0-077A-BE47-94AF-43D3FA41CED6}.Debug|Win32.Build.0 = Debug|Win32
		{644778F0-077A-BE47-94AF-43D3FA41CED6}.Debug|x64.ActiveCfg = Debug|x64
		{644778F0-077A-BE47-94AF-43D3FA41CED6}.Debug|x64.Build.0 = Debug|x64
		{C2D34A60-B3F5-A646-93FC-73C3F29E2DEB}.Release|Win32.ActiveCfg = Release|Win32
		{C2D34A60-B3F5-A646-93FC-73C3F29E2DEB}.Release|Win32.Build.0 = Release|Win32
		{C2D34A60-B3F5-A646-93FC-73C3F29E2DEB}.Release|x64.ActiveCfg = Release|x64
		{C2D34A60-B3F5-A646-93FC-73C3F29E2DEB}.Release|x64.Build.0 = Release|x64
		{C2D34A60-B3F5-A646-93FC-73C3F29E2DEB}.Debug|Win32.ActiveCfg = Debug|Win32
		{C2D34A60-B3F5-A646-93FC-73C3F29E2DEB}.Debug|Win32.Build.0 = Debug|Win32
		{C2D34A60-B3F5-A646-93FC-73C3F29E2DEB}.Debug|x64.ActiveCfg = Debug|x64
		{C2D34A60-B3F5-A646-93FC-73C3F29E2DEB}.Debug|x64.Build.0 = Debug|x64
		{F8B599D7-B0FB-9A42-8EE1-1FE6D213EE34}.Release|Win32.ActiveCfg = Release|Win32
		{F8B599D7-B0FB-9A42-8EE1-1FE6D213EE34}.Release|Win32.Build.0 = Release|Win32
		{F8B599D7-B0FB-9A42-8EE1-1FE6D213EE34}.Release|x64.ActiveCfg = Release|x64
		{F8B599D7-B0FB-9A42-8EE1-1FE6D213EE34}.Release|x64.Build.0 = Release|x64
		{F8B599D7-B0FB-9A42-8EE1-1FE6D213EE34}.Debug|Win32.ActiveCfg = Debug|Win32
		{F8B599D7-B0FB-9A42-8EE1-1FE6D213EE34}.Debug|Win32.Build.0 = Debug|Win32
		{F8B599D7-B0FB-9A42-8EE1-1FE6D213EE34}.Debug|x64.ActiveCfg = Debug|x64
		{F8B599D7-B0FB-9A42-8EE1-1FE6D213EE34}.Debug|x64.Build.0 = Debug|x64
		{CD09F948-159E-EC48-B3AC-CEDCE31FE23A}.Release|Win32.ActiveCfg = Release|Win32
		{CD09F948-159E-EC48-B3AC-CEDCE31FE23A}.Release|Win32.Build.0 = Release|Win32
		{CD09F948-159E-EC48-B3AC-CEDCE31FE23A}.Release|x64.ActiveCfg = Release|x64
		{CD09F948-159E-EC48-B3AC-CEDCE31FE23A}.Release|x64.Build.0 = Release|x64
		{CD09F948-159E-EC48-B3AC-CEDCE31FE23A}.Debug|Win32.ActiveCfg = Debug|Win32
		{CD09F948-159E-EC48-B3AC-CEDCE31FE23A}.Debug|Win32.Build.0 = Debug|Win32
		{CD09F948-159E-EC48-B3AC-CEDCE31FE23A}.Debug|x64.ActiveCfg = Debug|x64
		{CD09F948-159E-EC48-B3AC-CEDCE31FE23A}.Debug|x64.Build.0 = Debug|x64
		{CC275C61-95F2-BF4D-8780-2F02496099EC}.Release|Win32.ActiveCfg = Release|Win32
		{CC275C61-95F2-BF4D-8780-2F02496099EC}.Release|Win32.Build.0 = Release|Win32
		{CC275C61-95F2-BF4D-8780-2F02496099EC}.Release|x64.ActiveCfg = Release|x64
		{CC275C61-95F2-BF4D-8780-2F02496099EC}.Release|x64.Build.0 = Release|x64
		{CC275C61-95F2-BF4D-8780-2F02496099EC}.Debug|Win32.ActiveCfg = Debug|Win32
		{CC275C61-95F2-BF4D-8780-2F02496099EC}.Debug|Win32.Build.0 = Debug|Win32
		{CC275C61-95F2-BF4D-8780-2F02496099EC}.Debug|x64.ActiveCfg = Debug|x64
		{CC275C61-95F2-BF4D-8780-2F02496099EC}.Debug|x64.Build.0 = Debug|x64
		{7A71BA51-9B7E-314C-B9AA-FD00CECEE1DF}.Release|Win32.ActiveCfg = Release|Win32
		{7A71BA51-9B7E-314C-B9AA-FD00CECEE1DF}.Release|Win32.Build.0 = Release|Win32
		{7A71BA51-9B7E-314C-B9AA-FD00CECEE1DF}.Release|x64.ActiveCfg = Release|x64
		{7A71BA51-9B7E-314C-B9AA-FD00CECEE1DF}.Release|x64.Build.0 = Release|x64
		{7A71BA51-9B7E-314C-B9AA-FD00CECEE1DF}.Debug|Win32.ActiveCfg = Debug|Win32
		{7A71BA51-9B7E-314C-B9AA-FD00CECEE1DF}.Debug|Win32.Build.0 = Debug|Win32
		{7A71BA51-9B7E-314C-B9AA-FD00CECEE1DF}.Debug|x64.ActiveCfg = Debug|x64
		{7A71BA51-9B7E-314C-B9AA-FD00CECEE1DF}.Debug|x64.Build.0 = Debug|x64
		{D4985540-8EDF-EB42-BAFB-EE555B2754D2}.Release|Win32.ActiveCfg = Release|Win32
		{D4985540-8EDF-EB42-BAFB-EE555B2754D2}.Release|Win32.Build.0 = Release|Win32
		{D4985540-8EDF-EB42-BAFB-EE555B2754D2}.Release|x64.ActiveCfg = Release|x64
		{D4985540-8EDF-EB42-BAFB-EE555B2754D2}.Release|x64.Build.0 = Release|x64
		{D4985540-8EDF-EB42-BAFB-EE555B2754D2}.Debug|Win32.ActiveCfg = Debug|Win32
		{D4985540-8EDF-EB42-BAFB-EE555B2754D2}.Debug|Win32.Build.0 = Debug|Win32
		{D4985540-8EDF-EB42-BAFB-EE555B2754D2}.Debug|x64.ActiveCfg = Debug|x64
		{D4985540-8EDF-EB42-BAFB-EE555B2754D2}.Debug|x64.Build.0 = Debug|x64
	EndGlobalSection
	GlobalSection(SolutionProperties) = preSolution
		HideSolutionNode = FALSE
	EndGlobalSection
EndGlobal
