<?xml version="1.0" encoding="utf-8"?>
<Project ToolsVersion="4.0" xmlns="http://schemas.microsoft.com/developer/msbuild/2003">
  <ItemGroup>
    <Filter Include="test">
      <UniqueIdentifier>{5D5835AB-E94F-0C43-8617-79172D0630D7}</UniqueIdentifier>
    </Filter>
    <Filter Include="test\enet">
      <UniqueIdentifier>{65F31C88-0E17-3340-8071-D0BC414FED23}</UniqueIdentifier>
    </Filter>
    <Filter Include="test\enet\chat">
      <UniqueIdentifier>{6EDF00C7-0BA5-1541-83B4-B83FBC15382D}</UniqueIdentifier>
    </Filter>
    <Filter Include="test\enet\chat\client">
      <UniqueIdentifier>{04EA2E91-AB65-5041-8D05-114E9D2CA550}</UniqueIdentifier>
    </Filter>
  </ItemGroup>
  <ItemGroup>
    <ClCompile Include="..\..\test\enet\chat\client\main.cpp">
      <Filter>test\enet\chat\client</Filter>
    </ClCompile>
  </ItemGroup>
</Project>
